// !$*UTF8*$!
{
	archiveVersion = 1;
	classes = {
	};
	objectVersion = 46;
	objects = {

/* Begin PBXBuildFile section */
		4130416B5ED576F3F0CE153A /* Pods_CeaselessPack.framework in Frameworks */ = {isa = PBXBuildFile; fileRef = 4E88D65D121E87CE8898EB48 /* Pods_CeaselessPack.framework */; };
		4205802E1ED55813000AAAE0 /* CelebrationView.xib in Resources */ = {isa = PBXBuildFile; fileRef = 420580301ED55813000AAAE0 /* CelebrationView.xib */; };
		4227F7861DBCBB3B00015654 /* Localizable.strings in Resources */ = {isa = PBXBuildFile; fileRef = 4227F7881DBCBB3B00015654 /* Localizable.strings */; };
		422DDD391ACBBD3400409001 /* AppUtils.m in Sources */ = {isa = PBXBuildFile; fileRef = 422DDD381ACBBD3400409001 /* AppUtils.m */; };
		42458BEA1ACF1FEB00C48830 /* Email.m in Sources */ = {isa = PBXBuildFile; fileRef = 42458BE91ACF1FEB00C48830 /* Email.m */; };
		42458BED1ACF1FEC00C48830 /* Name.m in Sources */ = {isa = PBXBuildFile; fileRef = 42458BEC1ACF1FEC00C48830 /* Name.m */; };
		42458BF01ACF1FEC00C48830 /* PhoneNumber.m in Sources */ = {isa = PBXBuildFile; fileRef = 42458BEF1ACF1FEC00C48830 /* PhoneNumber.m */; };
		42458BF61ACF1FEC00C48830 /* AddressBookId.m in Sources */ = {isa = PBXBuildFile; fileRef = 42458BF51ACF1FEC00C48830 /* AddressBookId.m */; };
		42458C021ACF32FD00C48830 /* PersonInfo.m in Sources */ = {isa = PBXBuildFile; fileRef = 42458C011ACF32FD00C48830 /* PersonInfo.m */; };
		424C5B231ADF1137005C4CFC /* CeaselessService.m in Sources */ = {isa = PBXBuildFile; fileRef = 424C5B221ADF1137005C4CFC /* CeaselessService.m */; };
		424C5B281AE0734F005C4CFC /* NSString+FontAwesome.m in Sources */ = {isa = PBXBuildFile; fileRef = 424C5B271AE0734F005C4CFC /* NSString+FontAwesome.m */; };
		424C5B2B1AE073BE005C4CFC /* UIFont+FontAwesome.m in Sources */ = {isa = PBXBuildFile; fileRef = 424C5B2A1AE073BE005C4CFC /* UIFont+FontAwesome.m */; };
		424C5B2E1AE073D5005C4CFC /* FAImageView.m in Sources */ = {isa = PBXBuildFile; fileRef = 424C5B2D1AE073D5005C4CFC /* FAImageView.m */; };
		424C5B321AE08433005C4CFC /* FontAwesome.ttf in Resources */ = {isa = PBXBuildFile; fileRef = 424C5B311AE07B76005C4CFC /* FontAwesome.ttf */; };
		425271A81AB1FA9A005098F6 /* ScripturePickerTests.m in Sources */ = {isa = PBXBuildFile; fileRef = 425271A71AB1FA9A005098F6 /* ScripturePickerTests.m */; };
		425271AA1AB1FF1C005098F6 /* PersonPickerTests.m in Sources */ = {isa = PBXBuildFile; fileRef = 425271A91AB1FF1C005098F6 /* PersonPickerTests.m */; };
		425271B01AB37F29005098F6 /* CeaselessLocalContacts.m in Sources */ = {isa = PBXBuildFile; fileRef = 425271AF1AB37F29005098F6 /* CeaselessLocalContacts.m */; };
		425BB2B51DC00F0000D07A1D /* Onboarding.storyboard in Resources */ = {isa = PBXBuildFile; fileRef = 425BB2B71DC00F0000D07A1D /* Onboarding.storyboard */; };
		425BB2BA1DC00FE500D07A1D /* ScriptureView.xib in Resources */ = {isa = PBXBuildFile; fileRef = 425BB2BC1DC00FE500D07A1D /* ScriptureView.xib */; };
		425BB2C41DC0101D00D07A1D /* ProgressView.xib in Resources */ = {isa = PBXBuildFile; fileRef = 425BB2C61DC0101D00D07A1D /* ProgressView.xib */; };
		425BB2CA1DC0114300D07A1D /* PersonView.xib in Resources */ = {isa = PBXBuildFile; fileRef = 425BB2CC1DC0114300D07A1D /* PersonView.xib */; };
		427097811E2B58040024EEE7 /* WebCardView.xib in Resources */ = {isa = PBXBuildFile; fileRef = 425BB2C11DC0100400D07A1D /* WebCardView.xib */; };
		429094DA1AF29F7A009ABC3E /* Reachability.m in Sources */ = {isa = PBXBuildFile; fileRef = 429094D91AF29F7A009ABC3E /* Reachability.m */; };
		429E60891AAA5FD8003F37BF /* ScriptureViewController.m in Sources */ = {isa = PBXBuildFile; fileRef = 429E60881AAA5FD7003F37BF /* ScriptureViewController.m */; };
		429E608C1AAA61B1003F37BF /* PersonViewController.m in Sources */ = {isa = PBXBuildFile; fileRef = 429E608B1AAA61B1003F37BF /* PersonViewController.m */; };
		42A5AF881AB9497F00F209B8 /* PrayerRecordConstants.m in Sources */ = {isa = PBXBuildFile; fileRef = 42A5AF871AB9497F00F209B8 /* PrayerRecordConstants.m */; };
		42AA9BF81ACCBF6300C4896B /* Note.m in Sources */ = {isa = PBXBuildFile; fileRef = 42AA9BF71ACCBF6300C4896B /* Note.m */; };
		42C13BB11ABCC074000D5C08 /* WebCardViewController.m in Sources */ = {isa = PBXBuildFile; fileRef = 42C13BB01ABCC074000D5C08 /* WebCardViewController.m */; };
		42C13BB41ABCC285000D5C08 /* WebCardView.m in Sources */ = {isa = PBXBuildFile; fileRef = 42C13BB31ABCC285000D5C08 /* WebCardView.m */; };
		42DFFCCB1AD8666B0053DAAD /* PersonIdentifier.m in Sources */ = {isa = PBXBuildFile; fileRef = 42DFFCCA1AD8666B0053DAAD /* PersonIdentifier.m */; };
		42E0F4A71AD60C6200CE64E3 /* ProgressView.m in Sources */ = {isa = PBXBuildFile; fileRef = 42E0F4A61AD60C6200CE64E3 /* ProgressView.m */; };
		42E0F4AA1AD60D1000CE64E3 /* ProgressViewController.m in Sources */ = {isa = PBXBuildFile; fileRef = 42E0F4A91AD60D1000CE64E3 /* ProgressViewController.m */; };
		42F3AE1E1AA4DD7F003A88F5 /* main.m in Sources */ = {isa = PBXBuildFile; fileRef = 42F3AE1D1AA4DD7F003A88F5 /* main.m */; };
		42F3AE211AA4DD7F003A88F5 /* AppDelegate.m in Sources */ = {isa = PBXBuildFile; fileRef = 42F3AE201AA4DD7F003A88F5 /* AppDelegate.m */; };
		42F3AE241AA4DD7F003A88F5 /* RootViewController.m in Sources */ = {isa = PBXBuildFile; fileRef = 42F3AE231AA4DD7F003A88F5 /* RootViewController.m */; };
		42F3AE271AA4DD7F003A88F5 /* DataViewController.m in Sources */ = {isa = PBXBuildFile; fileRef = 42F3AE261AA4DD7F003A88F5 /* DataViewController.m */; };
		42F3AE2A1AA4DD7F003A88F5 /* ModelController.m in Sources */ = {isa = PBXBuildFile; fileRef = 42F3AE291AA4DD7F003A88F5 /* ModelController.m */; };
		42F3AE2D1AA4DD7F003A88F5 /* Main.storyboard in Resources */ = {isa = PBXBuildFile; fileRef = 42F3AE2B1AA4DD7F003A88F5 /* Main.storyboard */; };
		42F3AE2F1AA4DD7F003A88F5 /* Images.xcassets in Resources */ = {isa = PBXBuildFile; fileRef = 42F3AE2E1AA4DD7F003A88F5 /* Images.xcassets */; };
		42F3AE321AA4DD80003A88F5 /* LaunchScreen.xib in Resources */ = {isa = PBXBuildFile; fileRef = 42F3AE301AA4DD7F003A88F5 /* LaunchScreen.xib */; };
		42F3AE3E1AA4DD80003A88F5 /* CeaselessTests.m in Sources */ = {isa = PBXBuildFile; fileRef = 42F3AE3D1AA4DD80003A88F5 /* CeaselessTests.m */; };
		42F505661AE42FC300337A21 /* CoreData.framework in Frameworks */ = {isa = PBXBuildFile; fileRef = 42F505651AE42FC300337A21 /* CoreData.framework */; };
		42F505681AE42FCC00337A21 /* SystemConfiguration.framework in Frameworks */ = {isa = PBXBuildFile; fileRef = 42F505671AE42FCC00337A21 /* SystemConfiguration.framework */; };
		6AAE133331D8A7A6D740B650 /* Pods_CeaselessTests.framework in Frameworks */ = {isa = PBXBuildFile; fileRef = 94B69160D2625E11B8FC8243 /* Pods_CeaselessTests.framework */; };
		704D5CA11AAF6D5200BD48B3 /* PersonNotesViewController.m in Sources */ = {isa = PBXBuildFile; fileRef = 704D5C9F1AAF6D5200BD48B3 /* PersonNotesViewController.m */; };
		704D5CA71AAF90A200BD48B3 /* Ceaseless.xcdatamodeld in Sources */ = {isa = PBXBuildFile; fileRef = 704D5CA51AAF90A200BD48B3 /* Ceaseless.xcdatamodeld */; };
		704D5CE51AAFA96200BD48B3 /* PeopleQueue.m in Sources */ = {isa = PBXBuildFile; fileRef = 704D5CE41AAFA96200BD48B3 /* PeopleQueue.m */; };
		704D5CF11AAFA96200BD48B3 /* ScriptureQueue.m in Sources */ = {isa = PBXBuildFile; fileRef = 704D5CF01AAFA96200BD48B3 /* ScriptureQueue.m */; };
		704D5CF41AAFA96200BD48B3 /* PrayerRecord.m in Sources */ = {isa = PBXBuildFile; fileRef = 704D5CF31AAFA96200BD48B3 /* PrayerRecord.m */; };
		7083F7121AD4C474002D93AD /* at_the_beach.jpg in Resources */ = {isa = PBXBuildFile; fileRef = 7083F7111AD4C474002D93AD /* at_the_beach.jpg */; };
		7083F7181AD5EEC6002D93AD /* NSString+FetchedGroupByString.m in Sources */ = {isa = PBXBuildFile; fileRef = 7083F7171AD5EEC6002D93AD /* NSString+FetchedGroupByString.m */; };
		70BBEDC31ABC768400D446AF /* SettingsViewController.m in Sources */ = {isa = PBXBuildFile; fileRef = 70BBEDC21ABC768400D446AF /* SettingsViewController.m */; };
		70BCCC211ABB768F00386D51 /* PersonNotesTableViewCell.m in Sources */ = {isa = PBXBuildFile; fileRef = 70BCCC201ABB768F00386D51 /* PersonNotesTableViewCell.m */; };
		70BFCAFF1ABCA78B0014C4BC /* MenuViewController.m in Sources */ = {isa = PBXBuildFile; fileRef = 70BFCAFE1ABCA78B0014C4BC /* MenuViewController.m */; };
		70BFCB021AC070C50014C4BC /* ContactsListsViewController.m in Sources */ = {isa = PBXBuildFile; fileRef = 70BFCB011AC070C50014C4BC /* ContactsListsViewController.m */; };
		70D155D61AC1BC1700FB9486 /* ContactsListTableViewCell.m in Sources */ = {isa = PBXBuildFile; fileRef = 70D155D51AC1BC1700FB9486 /* ContactsListTableViewCell.m */; };
		70D51C0B1AA6222700FA7CDC /* PersonPicker.m in Sources */ = {isa = PBXBuildFile; fileRef = 70D51C0A1AA6222700FA7CDC /* PersonPicker.m */; };
		70D51C161AA6800D00FA7CDC /* PersonView.m in Sources */ = {isa = PBXBuildFile; fileRef = 70D51C151AA6800D00FA7CDC /* PersonView.m */; };
		70F12B841AB208000090F47A /* PrayerJournalViewController.m in Sources */ = {isa = PBXBuildFile; fileRef = 70F12B831AB208000090F47A /* PrayerJournalViewController.m */; };
		70F12B871AB2082B0090F47A /* NoteViewController.m in Sources */ = {isa = PBXBuildFile; fileRef = 70F12B861AB2082B0090F47A /* NoteViewController.m */; };
		70F12B8A1AB231DF0090F47A /* UserIdentityPicker.m in Sources */ = {isa = PBXBuildFile; fileRef = 70F12B891AB231DF0090F47A /* UserIdentityPicker.m */; };
		70F12B901AB396590090F47A /* PrayerJournalTableViewCell.m in Sources */ = {isa = PBXBuildFile; fileRef = 70F12B8F1AB396590090F47A /* PrayerJournalTableViewCell.m */; };
		70F663FB1AA7E14F0073801E /* CoreGraphics.framework in Frameworks */ = {isa = PBXBuildFile; fileRef = 70F663FA1AA7E14F0073801E /* CoreGraphics.framework */; };
		70F664001AA7E4470073801E /* Accelerate.framework in Frameworks */ = {isa = PBXBuildFile; fileRef = 70F663FF1AA7E4470073801E /* Accelerate.framework */; };
		70F664021AA7E46C0073801E /* UIKit.framework in Frameworks */ = {isa = PBXBuildFile; fileRef = 70F664011AA7E46C0073801E /* UIKit.framework */; };
		70F664041AA7E4780073801E /* Foundation.framework in Frameworks */ = {isa = PBXBuildFile; fileRef = 70F664031AA7E4780073801E /* Foundation.framework */; };
		70F664091AA82B360073801E /* QuartzCore.framework in Frameworks */ = {isa = PBXBuildFile; fileRef = 70F664081AA82B360073801E /* QuartzCore.framework */; };
		70F6640C1AA83CC60073801E /* ScriptureView.m in Sources */ = {isa = PBXBuildFile; fileRef = 70F6640B1AA83CC60073801E /* ScriptureView.m */; };
		70F664181AA8B9260073801E /* ScripturePicker.m in Sources */ = {isa = PBXBuildFile; fileRef = 70F664171AA8B9260073801E /* ScripturePicker.m */; };
		8A6AA2311DBD9EE500DB0346 /* Stickers.xcassets in Resources */ = {isa = PBXBuildFile; fileRef = 8A6AA2301DBD9EE500DB0346 /* Stickers.xcassets */; };
		8A6AA2351DBD9EE500DB0346 /* CeaselessPack.appex in Embed App Extensions */ = {isa = PBXBuildFile; fileRef = 8A6AA22E1DBD9EE500DB0346 /* CeaselessPack.appex */; settings = {ATTRIBUTES = (RemoveHeadersOnCopy, ); }; };
		8A9D9DD01DBC29A90056CB8C /* CelebrationViewController.m in Sources */ = {isa = PBXBuildFile; fileRef = 8A9D9DCF1DBC29A90056CB8C /* CelebrationViewController.m */; };
		8A9D9DD31DBC31000056CB8C /* UIView+Glow.m in Sources */ = {isa = PBXBuildFile; fileRef = 8A9D9DD21DBC31000056CB8C /* UIView+Glow.m */; };
		8A9D9DD61DBC5F3F0056CB8C /* CelebrationView.m in Sources */ = {isa = PBXBuildFile; fileRef = 8A9D9DD51DBC5F3F0056CB8C /* CelebrationView.m */; };
		8AA6D2481DC56DAA0068AAD6 /* AppConstants.m in Sources */ = {isa = PBXBuildFile; fileRef = 8AA6D2471DC56DAA0068AAD6 /* AppConstants.m */; };
		9772DEA53D313B6241877979 /* Pods_Ceaseless.framework in Frameworks */ = {isa = PBXBuildFile; fileRef = 555C75D601C9E93FFD0BC878 /* Pods_Ceaseless.framework */; };
		CF4F6D0B1C96AB57002EA9C5 /* BWWalkthroughPageViewController.swift in Sources */ = {isa = PBXBuildFile; fileRef = CF4F6D091C96AB57002EA9C5 /* BWWalkthroughPageViewController.swift */; };
		CF4F6D0C1C96AB57002EA9C5 /* BWWalkthroughViewController.swift in Sources */ = {isa = PBXBuildFile; fileRef = CF4F6D0A1C96AB57002EA9C5 /* BWWalkthroughViewController.swift */; };
		CF4F6D111C97C55B002EA9C5 /* OnboardingContactViewController.m in Sources */ = {isa = PBXBuildFile; fileRef = CF4F6D101C97C55B002EA9C5 /* OnboardingContactViewController.m */; };
		CFD132631C97FAC2004CAA79 /* OnboardingNotificationViewController.m in Sources */ = {isa = PBXBuildFile; fileRef = CFD132621C97FAC2004CAA79 /* OnboardingNotificationViewController.m */; };
/* End PBXBuildFile section */

/* Begin PBXContainerItemProxy section */
		42F3AE381AA4DD80003A88F5 /* PBXContainerItemProxy */ = {
			isa = PBXContainerItemProxy;
			containerPortal = 42F3AE101AA4DD7F003A88F5 /* Project object */;
			proxyType = 1;
			remoteGlobalIDString = 42F3AE171AA4DD7F003A88F5;
			remoteInfo = Ceaseless;
		};
		8A6AA2331DBD9EE500DB0346 /* PBXContainerItemProxy */ = {
			isa = PBXContainerItemProxy;
			containerPortal = 42F3AE101AA4DD7F003A88F5 /* Project object */;
			proxyType = 1;
			remoteGlobalIDString = 8A6AA22D1DBD9EE500DB0346;
			remoteInfo = CeaselessPack;
		};
/* End PBXContainerItemProxy section */

/* Begin PBXCopyFilesBuildPhase section */
		8A6AA2391DBD9EE500DB0346 /* Embed App Extensions */ = {
			isa = PBXCopyFilesBuildPhase;
			buildActionMask = 2147483647;
			dstPath = "";
			dstSubfolderSpec = 13;
			files = (
				8A6AA2351DBD9EE500DB0346 /* CeaselessPack.appex in Embed App Extensions */,
			);
			name = "Embed App Extensions";
			runOnlyForDeploymentPostprocessing = 0;
		};
/* End PBXCopyFilesBuildPhase section */

/* Begin PBXFileReference section */
		19330E7E82000F89441D0E46 /* Pods-CeaselessPack.debug.xcconfig */ = {isa = PBXFileReference; includeInIndex = 1; lastKnownFileType = text.xcconfig; name = "Pods-CeaselessPack.debug.xcconfig"; path = "Pods/Target Support Files/Pods-CeaselessPack/Pods-CeaselessPack.debug.xcconfig"; sourceTree = "<group>"; };
		4205802F1ED55813000AAAE0 /* Base */ = {isa = PBXFileReference; lastKnownFileType = file.xib; name = Base; path = Base.lproj/CelebrationView.xib; sourceTree = "<group>"; };
		420580321ED5581E000AAAE0 /* id */ = {isa = PBXFileReference; lastKnownFileType = text.plist.strings; name = id; path = id.lproj/CelebrationView.strings; sourceTree = "<group>"; };
		4227F7841DBCBAB300015654 /* id */ = {isa = PBXFileReference; lastKnownFileType = text.plist.strings; name = id; path = id.lproj/Main.strings; sourceTree = "<group>"; };
		4227F7851DBCBAB300015654 /* id */ = {isa = PBXFileReference; lastKnownFileType = text.plist.strings; name = id; path = id.lproj/LaunchScreen.strings; sourceTree = "<group>"; };
		4227F7891DBCBB5300015654 /* id */ = {isa = PBXFileReference; lastKnownFileType = text.plist.strings; name = id; path = id.lproj/Localizable.strings; sourceTree = "<group>"; };
		422B388C9AD02FE29D654992 /* Pods-CeaselessTests.release.xcconfig */ = {isa = PBXFileReference; includeInIndex = 1; lastKnownFileType = text.xcconfig; name = "Pods-CeaselessTests.release.xcconfig"; path = "Pods/Target Support Files/Pods-CeaselessTests/Pods-CeaselessTests.release.xcconfig"; sourceTree = "<group>"; };
		422DDD371ACBBD3400409001 /* AppUtils.h */ = {isa = PBXFileReference; fileEncoding = 4; lastKnownFileType = sourcecode.c.h; path = AppUtils.h; sourceTree = "<group>"; };
		422DDD381ACBBD3400409001 /* AppUtils.m */ = {isa = PBXFileReference; fileEncoding = 4; lastKnownFileType = sourcecode.c.objc; path = AppUtils.m; sourceTree = "<group>"; };
		42458BE81ACF1FEB00C48830 /* Email.h */ = {isa = PBXFileReference; fileEncoding = 4; lastKnownFileType = sourcecode.c.h; path = Email.h; sourceTree = "<group>"; };
		42458BE91ACF1FEB00C48830 /* Email.m */ = {isa = PBXFileReference; fileEncoding = 4; lastKnownFileType = sourcecode.c.objc; path = Email.m; sourceTree = "<group>"; };
		42458BEB1ACF1FEC00C48830 /* Name.h */ = {isa = PBXFileReference; fileEncoding = 4; lastKnownFileType = sourcecode.c.h; path = Name.h; sourceTree = "<group>"; };
		42458BEC1ACF1FEC00C48830 /* Name.m */ = {isa = PBXFileReference; fileEncoding = 4; lastKnownFileType = sourcecode.c.objc; path = Name.m; sourceTree = "<group>"; };
		42458BEE1ACF1FEC00C48830 /* PhoneNumber.h */ = {isa = PBXFileReference; fileEncoding = 4; lastKnownFileType = sourcecode.c.h; path = PhoneNumber.h; sourceTree = "<group>"; };
		42458BEF1ACF1FEC00C48830 /* PhoneNumber.m */ = {isa = PBXFileReference; fileEncoding = 4; lastKnownFileType = sourcecode.c.objc; path = PhoneNumber.m; sourceTree = "<group>"; };
		42458BF41ACF1FEC00C48830 /* AddressBookId.h */ = {isa = PBXFileReference; fileEncoding = 4; lastKnownFileType = sourcecode.c.h; path = AddressBookId.h; sourceTree = "<group>"; };
		42458BF51ACF1FEC00C48830 /* AddressBookId.m */ = {isa = PBXFileReference; fileEncoding = 4; lastKnownFileType = sourcecode.c.objc; path = AddressBookId.m; sourceTree = "<group>"; };
		42458C001ACF32FD00C48830 /* PersonInfo.h */ = {isa = PBXFileReference; fileEncoding = 4; lastKnownFileType = sourcecode.c.h; path = PersonInfo.h; sourceTree = "<group>"; };
		42458C011ACF32FD00C48830 /* PersonInfo.m */ = {isa = PBXFileReference; fileEncoding = 4; lastKnownFileType = sourcecode.c.objc; path = PersonInfo.m; sourceTree = "<group>"; };
		424C5B211ADF1137005C4CFC /* CeaselessService.h */ = {isa = PBXFileReference; fileEncoding = 4; lastKnownFileType = sourcecode.c.h; path = CeaselessService.h; sourceTree = "<group>"; };
		424C5B221ADF1137005C4CFC /* CeaselessService.m */ = {isa = PBXFileReference; fileEncoding = 4; lastKnownFileType = sourcecode.c.objc; path = CeaselessService.m; sourceTree = "<group>"; };
		424C5B261AE0734F005C4CFC /* NSString+FontAwesome.h */ = {isa = PBXFileReference; fileEncoding = 4; lastKnownFileType = sourcecode.c.h; path = "NSString+FontAwesome.h"; sourceTree = "<group>"; };
		424C5B271AE0734F005C4CFC /* NSString+FontAwesome.m */ = {isa = PBXFileReference; fileEncoding = 4; lastKnownFileType = sourcecode.c.objc; path = "NSString+FontAwesome.m"; sourceTree = "<group>"; };
		424C5B291AE073BE005C4CFC /* UIFont+FontAwesome.h */ = {isa = PBXFileReference; fileEncoding = 4; lastKnownFileType = sourcecode.c.h; path = "UIFont+FontAwesome.h"; sourceTree = "<group>"; };
		424C5B2A1AE073BE005C4CFC /* UIFont+FontAwesome.m */ = {isa = PBXFileReference; fileEncoding = 4; lastKnownFileType = sourcecode.c.objc; path = "UIFont+FontAwesome.m"; sourceTree = "<group>"; };
		424C5B2C1AE073D5005C4CFC /* FAImageView.h */ = {isa = PBXFileReference; fileEncoding = 4; lastKnownFileType = sourcecode.c.h; path = FAImageView.h; sourceTree = "<group>"; };
		424C5B2D1AE073D5005C4CFC /* FAImageView.m */ = {isa = PBXFileReference; fileEncoding = 4; lastKnownFileType = sourcecode.c.objc; path = FAImageView.m; sourceTree = "<group>"; };
		424C5B311AE07B76005C4CFC /* FontAwesome.ttf */ = {isa = PBXFileReference; lastKnownFileType = file; path = FontAwesome.ttf; sourceTree = "<group>"; };
		425271A71AB1FA9A005098F6 /* ScripturePickerTests.m */ = {isa = PBXFileReference; fileEncoding = 4; lastKnownFileType = sourcecode.c.objc; path = ScripturePickerTests.m; sourceTree = "<group>"; };
		425271A91AB1FF1C005098F6 /* PersonPickerTests.m */ = {isa = PBXFileReference; fileEncoding = 4; lastKnownFileType = sourcecode.c.objc; path = PersonPickerTests.m; sourceTree = "<group>"; };
		425271AE1AB37F29005098F6 /* CeaselessLocalContacts.h */ = {isa = PBXFileReference; fileEncoding = 4; lastKnownFileType = sourcecode.c.h; path = CeaselessLocalContacts.h; sourceTree = "<group>"; };
		425271AF1AB37F29005098F6 /* CeaselessLocalContacts.m */ = {isa = PBXFileReference; fileEncoding = 4; lastKnownFileType = sourcecode.c.objc; path = CeaselessLocalContacts.m; sourceTree = "<group>"; };
		425BB2B61DC00F0000D07A1D /* Base */ = {isa = PBXFileReference; lastKnownFileType = file.storyboard; name = Base; path = Base.lproj/Onboarding.storyboard; sourceTree = "<group>"; };
		425BB2B91DC00F1000D07A1D /* id */ = {isa = PBXFileReference; lastKnownFileType = text.plist.strings; name = id; path = id.lproj/Onboarding.strings; sourceTree = "<group>"; };
		425BB2BB1DC00FE500D07A1D /* Base */ = {isa = PBXFileReference; lastKnownFileType = file.xib; name = Base; path = Base.lproj/ScriptureView.xib; sourceTree = "<group>"; };
		425BB2BE1DC00FE700D07A1D /* id */ = {isa = PBXFileReference; lastKnownFileType = text.plist.strings; name = id; path = id.lproj/ScriptureView.strings; sourceTree = "<group>"; };
		425BB2C01DC0100400D07A1D /* Base */ = {isa = PBXFileReference; lastKnownFileType = file.xib; name = Base; path = Base.lproj/WebCardView.xib; sourceTree = "<group>"; };
		425BB2C31DC0100B00D07A1D /* id */ = {isa = PBXFileReference; lastKnownFileType = text.plist.strings; name = id; path = id.lproj/WebCardView.strings; sourceTree = "<group>"; };
		425BB2C51DC0101D00D07A1D /* Base */ = {isa = PBXFileReference; lastKnownFileType = file.xib; name = Base; path = Base.lproj/ProgressView.xib; sourceTree = "<group>"; };
		425BB2C81DC0102100D07A1D /* id */ = {isa = PBXFileReference; lastKnownFileType = text.plist.strings; name = id; path = id.lproj/ProgressView.strings; sourceTree = "<group>"; };
		425BB2C91DC0103100D07A1D /* Base */ = {isa = PBXFileReference; lastKnownFileType = text.plist.strings; name = Base; path = Base.lproj/Localizable.strings; sourceTree = "<group>"; };
		425BB2CB1DC0114300D07A1D /* Base */ = {isa = PBXFileReference; lastKnownFileType = file.xib; name = Base; path = Base.lproj/PersonView.xib; sourceTree = "<group>"; };
		425BB2CE1DC0114500D07A1D /* id */ = {isa = PBXFileReference; lastKnownFileType = text.plist.strings; name = id; path = id.lproj/PersonView.strings; sourceTree = "<group>"; };
		429094D81AF29F7A009ABC3E /* Reachability.h */ = {isa = PBXFileReference; fileEncoding = 4; lastKnownFileType = sourcecode.c.h; name = Reachability.h; path = ../Reachability.h; sourceTree = "<group>"; };
		429094D91AF29F7A009ABC3E /* Reachability.m */ = {isa = PBXFileReference; fileEncoding = 4; lastKnownFileType = sourcecode.c.objc; name = Reachability.m; path = ../Reachability.m; sourceTree = "<group>"; };
		429E60871AAA5FD7003F37BF /* ScriptureViewController.h */ = {isa = PBXFileReference; fileEncoding = 4; lastKnownFileType = sourcecode.c.h; path = ScriptureViewController.h; sourceTree = "<group>"; };
		429E60881AAA5FD7003F37BF /* ScriptureViewController.m */ = {isa = PBXFileReference; fileEncoding = 4; lastKnownFileType = sourcecode.c.objc; path = ScriptureViewController.m; sourceTree = "<group>"; };
		429E608A1AAA61B1003F37BF /* PersonViewController.h */ = {isa = PBXFileReference; fileEncoding = 4; lastKnownFileType = sourcecode.c.h; path = PersonViewController.h; sourceTree = "<group>"; };
		429E608B1AAA61B1003F37BF /* PersonViewController.m */ = {isa = PBXFileReference; fileEncoding = 4; lastKnownFileType = sourcecode.c.objc; path = PersonViewController.m; sourceTree = "<group>"; };
		42A5AF861AB9497F00F209B8 /* PrayerRecordConstants.h */ = {isa = PBXFileReference; fileEncoding = 4; lastKnownFileType = sourcecode.c.h; path = PrayerRecordConstants.h; sourceTree = "<group>"; };
		42A5AF871AB9497F00F209B8 /* PrayerRecordConstants.m */ = {isa = PBXFileReference; fileEncoding = 4; lastKnownFileType = sourcecode.c.objc; path = PrayerRecordConstants.m; sourceTree = "<group>"; };
		42AA9BF61ACCBF6300C4896B /* Note.h */ = {isa = PBXFileReference; fileEncoding = 4; lastKnownFileType = sourcecode.c.h; path = Note.h; sourceTree = "<group>"; };
		42AA9BF71ACCBF6300C4896B /* Note.m */ = {isa = PBXFileReference; fileEncoding = 4; lastKnownFileType = sourcecode.c.objc; path = Note.m; sourceTree = "<group>"; };
		42C13BAF1ABCC074000D5C08 /* WebCardViewController.h */ = {isa = PBXFileReference; fileEncoding = 4; lastKnownFileType = sourcecode.c.h; path = WebCardViewController.h; sourceTree = "<group>"; };
		42C13BB01ABCC074000D5C08 /* WebCardViewController.m */ = {isa = PBXFileReference; fileEncoding = 4; lastKnownFileType = sourcecode.c.objc; path = WebCardViewController.m; sourceTree = "<group>"; };
		42C13BB21ABCC285000D5C08 /* WebCardView.h */ = {isa = PBXFileReference; fileEncoding = 4; lastKnownFileType = sourcecode.c.h; path = WebCardView.h; sourceTree = "<group>"; };
		42C13BB31ABCC285000D5C08 /* WebCardView.m */ = {isa = PBXFileReference; fileEncoding = 4; lastKnownFileType = sourcecode.c.objc; path = WebCardView.m; sourceTree = "<group>"; };
		42DFFCC91AD8666B0053DAAD /* PersonIdentifier.h */ = {isa = PBXFileReference; fileEncoding = 4; lastKnownFileType = sourcecode.c.h; path = PersonIdentifier.h; sourceTree = "<group>"; };
		42DFFCCA1AD8666B0053DAAD /* PersonIdentifier.m */ = {isa = PBXFileReference; fileEncoding = 4; lastKnownFileType = sourcecode.c.objc; path = PersonIdentifier.m; sourceTree = "<group>"; };
		42E0F4A51AD60C6200CE64E3 /* ProgressView.h */ = {isa = PBXFileReference; fileEncoding = 4; lastKnownFileType = sourcecode.c.h; path = ProgressView.h; sourceTree = "<group>"; };
		42E0F4A61AD60C6200CE64E3 /* ProgressView.m */ = {isa = PBXFileReference; fileEncoding = 4; lastKnownFileType = sourcecode.c.objc; path = ProgressView.m; sourceTree = "<group>"; };
		42E0F4A81AD60D1000CE64E3 /* ProgressViewController.h */ = {isa = PBXFileReference; fileEncoding = 4; lastKnownFileType = sourcecode.c.h; path = ProgressViewController.h; sourceTree = "<group>"; };
		42E0F4A91AD60D1000CE64E3 /* ProgressViewController.m */ = {isa = PBXFileReference; fileEncoding = 4; lastKnownFileType = sourcecode.c.objc; path = ProgressViewController.m; sourceTree = "<group>"; };
		42F3AE181AA4DD7F003A88F5 /* Ceaseless.app */ = {isa = PBXFileReference; explicitFileType = wrapper.application; includeInIndex = 0; path = Ceaseless.app; sourceTree = BUILT_PRODUCTS_DIR; };
		42F3AE1C1AA4DD7F003A88F5 /* Info.plist */ = {isa = PBXFileReference; lastKnownFileType = text.plist.xml; path = Info.plist; sourceTree = "<group>"; };
		42F3AE1D1AA4DD7F003A88F5 /* main.m */ = {isa = PBXFileReference; lastKnownFileType = sourcecode.c.objc; path = main.m; sourceTree = "<group>"; };
		42F3AE1F1AA4DD7F003A88F5 /* AppDelegate.h */ = {isa = PBXFileReference; lastKnownFileType = sourcecode.c.h; path = AppDelegate.h; sourceTree = "<group>"; };
		42F3AE201AA4DD7F003A88F5 /* AppDelegate.m */ = {isa = PBXFileReference; lastKnownFileType = sourcecode.c.objc; path = AppDelegate.m; sourceTree = "<group>"; };
		42F3AE221AA4DD7F003A88F5 /* RootViewController.h */ = {isa = PBXFileReference; lastKnownFileType = sourcecode.c.h; path = RootViewController.h; sourceTree = "<group>"; };
		42F3AE231AA4DD7F003A88F5 /* RootViewController.m */ = {isa = PBXFileReference; lastKnownFileType = sourcecode.c.objc; path = RootViewController.m; sourceTree = "<group>"; };
		42F3AE251AA4DD7F003A88F5 /* DataViewController.h */ = {isa = PBXFileReference; lastKnownFileType = sourcecode.c.h; path = DataViewController.h; sourceTree = "<group>"; };
		42F3AE261AA4DD7F003A88F5 /* DataViewController.m */ = {isa = PBXFileReference; lastKnownFileType = sourcecode.c.objc; path = DataViewController.m; sourceTree = "<group>"; };
		42F3AE281AA4DD7F003A88F5 /* ModelController.h */ = {isa = PBXFileReference; lastKnownFileType = sourcecode.c.h; path = ModelController.h; sourceTree = "<group>"; };
		42F3AE291AA4DD7F003A88F5 /* ModelController.m */ = {isa = PBXFileReference; lastKnownFileType = sourcecode.c.objc; path = ModelController.m; sourceTree = "<group>"; };
		42F3AE2C1AA4DD7F003A88F5 /* Base */ = {isa = PBXFileReference; lastKnownFileType = file.storyboard; name = Base; path = Base.lproj/Main.storyboard; sourceTree = "<group>"; };
		42F3AE2E1AA4DD7F003A88F5 /* Images.xcassets */ = {isa = PBXFileReference; lastKnownFileType = folder.assetcatalog; path = Images.xcassets; sourceTree = "<group>"; };
		42F3AE311AA4DD80003A88F5 /* Base */ = {isa = PBXFileReference; lastKnownFileType = file.xib; name = Base; path = Base.lproj/LaunchScreen.xib; sourceTree = "<group>"; };
		42F3AE371AA4DD80003A88F5 /* CeaselessTests.xctest */ = {isa = PBXFileReference; explicitFileType = wrapper.cfbundle; includeInIndex = 0; path = CeaselessTests.xctest; sourceTree = BUILT_PRODUCTS_DIR; };
		42F3AE3C1AA4DD80003A88F5 /* Info.plist */ = {isa = PBXFileReference; lastKnownFileType = text.plist.xml; path = Info.plist; sourceTree = "<group>"; };
		42F3AE3D1AA4DD80003A88F5 /* CeaselessTests.m */ = {isa = PBXFileReference; lastKnownFileType = sourcecode.c.objc; path = CeaselessTests.m; sourceTree = "<group>"; };
		42F505651AE42FC300337A21 /* CoreData.framework */ = {isa = PBXFileReference; lastKnownFileType = wrapper.framework; name = CoreData.framework; path = System/Library/Frameworks/CoreData.framework; sourceTree = SDKROOT; };
		42F505671AE42FCC00337A21 /* SystemConfiguration.framework */ = {isa = PBXFileReference; lastKnownFileType = wrapper.framework; name = SystemConfiguration.framework; path = System/Library/Frameworks/SystemConfiguration.framework; sourceTree = SDKROOT; };
		42F505691AE42FD600337A21 /* libz.dylib */ = {isa = PBXFileReference; lastKnownFileType = "compiled.mach-o.dylib"; name = libz.dylib; path = usr/lib/libz.dylib; sourceTree = SDKROOT; };
		42F5056B1AE42FDF00337A21 /* libsqlite3.dylib */ = {isa = PBXFileReference; lastKnownFileType = "compiled.mach-o.dylib"; name = libsqlite3.dylib; path = usr/lib/libsqlite3.dylib; sourceTree = SDKROOT; };
		42FED05A205402980050F31E /* Ceaseless.entitlements */ = {isa = PBXFileReference; lastKnownFileType = text.plist.entitlements; path = Ceaseless.entitlements; sourceTree = "<group>"; };
		49E196878487596BCA321AB0 /* Pods-Ceaseless.release.xcconfig */ = {isa = PBXFileReference; includeInIndex = 1; lastKnownFileType = text.xcconfig; name = "Pods-Ceaseless.release.xcconfig"; path = "Pods/Target Support Files/Pods-Ceaseless/Pods-Ceaseless.release.xcconfig"; sourceTree = "<group>"; };
		4E88D65D121E87CE8898EB48 /* Pods_CeaselessPack.framework */ = {isa = PBXFileReference; explicitFileType = wrapper.framework; includeInIndex = 0; path = Pods_CeaselessPack.framework; sourceTree = BUILT_PRODUCTS_DIR; };
		543DD1C64C789374091DD44B /* Pods-CeaselessTests.debug.xcconfig */ = {isa = PBXFileReference; includeInIndex = 1; lastKnownFileType = text.xcconfig; name = "Pods-CeaselessTests.debug.xcconfig"; path = "Pods/Target Support Files/Pods-CeaselessTests/Pods-CeaselessTests.debug.xcconfig"; sourceTree = "<group>"; };
		555C75D601C9E93FFD0BC878 /* Pods_Ceaseless.framework */ = {isa = PBXFileReference; explicitFileType = wrapper.framework; includeInIndex = 0; path = Pods_Ceaseless.framework; sourceTree = BUILT_PRODUCTS_DIR; };
		704D5C9E1AAF6D5200BD48B3 /* PersonNotesViewController.h */ = {isa = PBXFileReference; fileEncoding = 4; lastKnownFileType = sourcecode.c.h; path = PersonNotesViewController.h; sourceTree = "<group>"; };
		704D5C9F1AAF6D5200BD48B3 /* PersonNotesViewController.m */ = {isa = PBXFileReference; fileEncoding = 4; lastKnownFileType = sourcecode.c.objc; path = PersonNotesViewController.m; sourceTree = "<group>"; };
		704D5CA61AAF90A200BD48B3 /* Ceaseless.xcdatamodel */ = {isa = PBXFileReference; lastKnownFileType = wrapper.xcdatamodel; path = Ceaseless.xcdatamodel; sourceTree = "<group>"; };
		704D5CE31AAFA96200BD48B3 /* PeopleQueue.h */ = {isa = PBXFileReference; fileEncoding = 4; lastKnownFileType = sourcecode.c.h; path = PeopleQueue.h; sourceTree = "<group>"; };
		704D5CE41AAFA96200BD48B3 /* PeopleQueue.m */ = {isa = PBXFileReference; fileEncoding = 4; lastKnownFileType = sourcecode.c.objc; path = PeopleQueue.m; sourceTree = "<group>"; };
		704D5CEF1AAFA96200BD48B3 /* ScriptureQueue.h */ = {isa = PBXFileReference; fileEncoding = 4; lastKnownFileType = sourcecode.c.h; path = ScriptureQueue.h; sourceTree = "<group>"; };
		704D5CF01AAFA96200BD48B3 /* ScriptureQueue.m */ = {isa = PBXFileReference; fileEncoding = 4; lastKnownFileType = sourcecode.c.objc; path = ScriptureQueue.m; sourceTree = "<group>"; };
		704D5CF21AAFA96200BD48B3 /* PrayerRecord.h */ = {isa = PBXFileReference; fileEncoding = 4; lastKnownFileType = sourcecode.c.h; path = PrayerRecord.h; sourceTree = "<group>"; };
		704D5CF31AAFA96200BD48B3 /* PrayerRecord.m */ = {isa = PBXFileReference; fileEncoding = 4; lastKnownFileType = sourcecode.c.objc; path = PrayerRecord.m; sourceTree = "<group>"; };
		7083F7111AD4C474002D93AD /* at_the_beach.jpg */ = {isa = PBXFileReference; lastKnownFileType = image.jpeg; path = at_the_beach.jpg; sourceTree = "<group>"; };
		7083F7161AD5EEC6002D93AD /* NSString+FetchedGroupByString.h */ = {isa = PBXFileReference; fileEncoding = 4; lastKnownFileType = sourcecode.c.h; path = "NSString+FetchedGroupByString.h"; sourceTree = "<group>"; };
		7083F7171AD5EEC6002D93AD /* NSString+FetchedGroupByString.m */ = {isa = PBXFileReference; fileEncoding = 4; lastKnownFileType = sourcecode.c.objc; path = "NSString+FetchedGroupByString.m"; sourceTree = "<group>"; };
		70BBEDC11ABC768400D446AF /* SettingsViewController.h */ = {isa = PBXFileReference; fileEncoding = 4; lastKnownFileType = sourcecode.c.h; path = SettingsViewController.h; sourceTree = "<group>"; };
		70BBEDC21ABC768400D446AF /* SettingsViewController.m */ = {isa = PBXFileReference; fileEncoding = 4; lastKnownFileType = sourcecode.c.objc; path = SettingsViewController.m; sourceTree = "<group>"; };
		70BCCC1F1ABB768F00386D51 /* PersonNotesTableViewCell.h */ = {isa = PBXFileReference; fileEncoding = 4; lastKnownFileType = sourcecode.c.h; path = PersonNotesTableViewCell.h; sourceTree = "<group>"; };
		70BCCC201ABB768F00386D51 /* PersonNotesTableViewCell.m */ = {isa = PBXFileReference; fileEncoding = 4; lastKnownFileType = sourcecode.c.objc; path = PersonNotesTableViewCell.m; sourceTree = "<group>"; };
		70BFCAFD1ABCA78B0014C4BC /* MenuViewController.h */ = {isa = PBXFileReference; fileEncoding = 4; lastKnownFileType = sourcecode.c.h; path = MenuViewController.h; sourceTree = "<group>"; };
		70BFCAFE1ABCA78B0014C4BC /* MenuViewController.m */ = {isa = PBXFileReference; fileEncoding = 4; lastKnownFileType = sourcecode.c.objc; path = MenuViewController.m; sourceTree = "<group>"; };
		70BFCB001AC070C50014C4BC /* ContactsListsViewController.h */ = {isa = PBXFileReference; fileEncoding = 4; lastKnownFileType = sourcecode.c.h; path = ContactsListsViewController.h; sourceTree = "<group>"; };
		70BFCB011AC070C50014C4BC /* ContactsListsViewController.m */ = {isa = PBXFileReference; fileEncoding = 4; lastKnownFileType = sourcecode.c.objc; path = ContactsListsViewController.m; sourceTree = "<group>"; };
		70D155D41AC1BC1700FB9486 /* ContactsListTableViewCell.h */ = {isa = PBXFileReference; fileEncoding = 4; lastKnownFileType = sourcecode.c.h; path = ContactsListTableViewCell.h; sourceTree = "<group>"; };
		70D155D51AC1BC1700FB9486 /* ContactsListTableViewCell.m */ = {isa = PBXFileReference; fileEncoding = 4; lastKnownFileType = sourcecode.c.objc; path = ContactsListTableViewCell.m; sourceTree = "<group>"; };
		70D51C091AA6222700FA7CDC /* PersonPicker.h */ = {isa = PBXFileReference; fileEncoding = 4; lastKnownFileType = sourcecode.c.h; path = PersonPicker.h; sourceTree = "<group>"; };
		70D51C0A1AA6222700FA7CDC /* PersonPicker.m */ = {isa = PBXFileReference; fileEncoding = 4; lastKnownFileType = sourcecode.c.objc; path = PersonPicker.m; sourceTree = "<group>"; };
		70D51C141AA6800D00FA7CDC /* PersonView.h */ = {isa = PBXFileReference; fileEncoding = 4; lastKnownFileType = sourcecode.c.h; path = PersonView.h; sourceTree = "<group>"; };
		70D51C151AA6800D00FA7CDC /* PersonView.m */ = {isa = PBXFileReference; fileEncoding = 4; lastKnownFileType = sourcecode.c.objc; path = PersonView.m; sourceTree = "<group>"; };
		70F12B821AB208000090F47A /* PrayerJournalViewController.h */ = {isa = PBXFileReference; fileEncoding = 4; lastKnownFileType = sourcecode.c.h; path = PrayerJournalViewController.h; sourceTree = "<group>"; };
		70F12B831AB208000090F47A /* PrayerJournalViewController.m */ = {isa = PBXFileReference; fileEncoding = 4; lastKnownFileType = sourcecode.c.objc; path = PrayerJournalViewController.m; sourceTree = "<group>"; };
		70F12B851AB2082B0090F47A /* NoteViewController.h */ = {isa = PBXFileReference; fileEncoding = 4; lastKnownFileType = sourcecode.c.h; path = NoteViewController.h; sourceTree = "<group>"; };
		70F12B861AB2082B0090F47A /* NoteViewController.m */ = {isa = PBXFileReference; fileEncoding = 4; lastKnownFileType = sourcecode.c.objc; path = NoteViewController.m; sourceTree = "<group>"; };
		70F12B881AB231DF0090F47A /* UserIdentityPicker.h */ = {isa = PBXFileReference; fileEncoding = 4; lastKnownFileType = sourcecode.c.h; path = UserIdentityPicker.h; sourceTree = "<group>"; };
		70F12B891AB231DF0090F47A /* UserIdentityPicker.m */ = {isa = PBXFileReference; fileEncoding = 4; lastKnownFileType = sourcecode.c.objc; path = UserIdentityPicker.m; sourceTree = "<group>"; };
		70F12B8E1AB396590090F47A /* PrayerJournalTableViewCell.h */ = {isa = PBXFileReference; fileEncoding = 4; lastKnownFileType = sourcecode.c.h; path = PrayerJournalTableViewCell.h; sourceTree = "<group>"; };
		70F12B8F1AB396590090F47A /* PrayerJournalTableViewCell.m */ = {isa = PBXFileReference; fileEncoding = 4; lastKnownFileType = sourcecode.c.objc; path = PrayerJournalTableViewCell.m; sourceTree = "<group>"; };
		70F663FA1AA7E14F0073801E /* CoreGraphics.framework */ = {isa = PBXFileReference; lastKnownFileType = wrapper.framework; name = CoreGraphics.framework; path = System/Library/Frameworks/CoreGraphics.framework; sourceTree = SDKROOT; };
		70F663FF1AA7E4470073801E /* Accelerate.framework */ = {isa = PBXFileReference; lastKnownFileType = wrapper.framework; name = Accelerate.framework; path = System/Library/Frameworks/Accelerate.framework; sourceTree = SDKROOT; };
		70F664011AA7E46C0073801E /* UIKit.framework */ = {isa = PBXFileReference; lastKnownFileType = wrapper.framework; name = UIKit.framework; path = System/Library/Frameworks/UIKit.framework; sourceTree = SDKROOT; };
		70F664031AA7E4780073801E /* Foundation.framework */ = {isa = PBXFileReference; lastKnownFileType = wrapper.framework; name = Foundation.framework; path = System/Library/Frameworks/Foundation.framework; sourceTree = SDKROOT; };
		70F664081AA82B360073801E /* QuartzCore.framework */ = {isa = PBXFileReference; lastKnownFileType = wrapper.framework; name = QuartzCore.framework; path = System/Library/Frameworks/QuartzCore.framework; sourceTree = SDKROOT; };
		70F6640A1AA83CC60073801E /* ScriptureView.h */ = {isa = PBXFileReference; fileEncoding = 4; lastKnownFileType = sourcecode.c.h; path = ScriptureView.h; sourceTree = "<group>"; };
		70F6640B1AA83CC60073801E /* ScriptureView.m */ = {isa = PBXFileReference; fileEncoding = 4; lastKnownFileType = sourcecode.c.objc; path = ScriptureView.m; sourceTree = "<group>"; };
		70F664161AA8B9260073801E /* ScripturePicker.h */ = {isa = PBXFileReference; fileEncoding = 4; lastKnownFileType = sourcecode.c.h; path = ScripturePicker.h; sourceTree = "<group>"; };
		70F664171AA8B9260073801E /* ScripturePicker.m */ = {isa = PBXFileReference; fileEncoding = 4; lastKnownFileType = sourcecode.c.objc; path = ScripturePicker.m; sourceTree = "<group>"; };
		8A6AA22E1DBD9EE500DB0346 /* CeaselessPack.appex */ = {isa = PBXFileReference; explicitFileType = "wrapper.app-extension"; includeInIndex = 0; path = CeaselessPack.appex; sourceTree = BUILT_PRODUCTS_DIR; };
		8A6AA2301DBD9EE500DB0346 /* Stickers.xcassets */ = {isa = PBXFileReference; lastKnownFileType = folder.assetcatalog; path = Stickers.xcassets; sourceTree = "<group>"; };
		8A6AA2321DBD9EE500DB0346 /* Info.plist */ = {isa = PBXFileReference; lastKnownFileType = text.plist.xml; path = Info.plist; sourceTree = "<group>"; };
		8A9D9DCE1DBC29A90056CB8C /* CelebrationViewController.h */ = {isa = PBXFileReference; fileEncoding = 4; lastKnownFileType = sourcecode.c.h; path = CelebrationViewController.h; sourceTree = "<group>"; };
		8A9D9DCF1DBC29A90056CB8C /* CelebrationViewController.m */ = {isa = PBXFileReference; fileEncoding = 4; lastKnownFileType = sourcecode.c.objc; path = CelebrationViewController.m; sourceTree = "<group>"; };
		8A9D9DD11DBC31000056CB8C /* UIView+Glow.h */ = {isa = PBXFileReference; fileEncoding = 4; lastKnownFileType = sourcecode.c.h; path = "UIView+Glow.h"; sourceTree = "<group>"; };
		8A9D9DD21DBC31000056CB8C /* UIView+Glow.m */ = {isa = PBXFileReference; fileEncoding = 4; lastKnownFileType = sourcecode.c.objc; path = "UIView+Glow.m"; sourceTree = "<group>"; };
		8A9D9DD41DBC5F3F0056CB8C /* CelebrationView.h */ = {isa = PBXFileReference; fileEncoding = 4; lastKnownFileType = sourcecode.c.h; path = CelebrationView.h; sourceTree = "<group>"; };
		8A9D9DD51DBC5F3F0056CB8C /* CelebrationView.m */ = {isa = PBXFileReference; fileEncoding = 4; lastKnownFileType = sourcecode.c.objc; path = CelebrationView.m; sourceTree = "<group>"; };
		8AA6D2461DC56DAA0068AAD6 /* AppConstants.h */ = {isa = PBXFileReference; fileEncoding = 4; lastKnownFileType = sourcecode.c.h; path = AppConstants.h; sourceTree = "<group>"; };
		8AA6D2471DC56DAA0068AAD6 /* AppConstants.m */ = {isa = PBXFileReference; fileEncoding = 4; lastKnownFileType = sourcecode.c.objc; path = AppConstants.m; sourceTree = "<group>"; };
		94B69160D2625E11B8FC8243 /* Pods_CeaselessTests.framework */ = {isa = PBXFileReference; explicitFileType = wrapper.framework; includeInIndex = 0; path = Pods_CeaselessTests.framework; sourceTree = BUILT_PRODUCTS_DIR; };
		96FFE36D75FA9736898164F3 /* Pods-CeaselessPack.release.xcconfig */ = {isa = PBXFileReference; includeInIndex = 1; lastKnownFileType = text.xcconfig; name = "Pods-CeaselessPack.release.xcconfig"; path = "Pods/Target Support Files/Pods-CeaselessPack/Pods-CeaselessPack.release.xcconfig"; sourceTree = "<group>"; };
		C9B9A8D37FD94F90E8DA32E9 /* Pods-Ceaseless.debug.xcconfig */ = {isa = PBXFileReference; includeInIndex = 1; lastKnownFileType = text.xcconfig; name = "Pods-Ceaseless.debug.xcconfig"; path = "Pods/Target Support Files/Pods-Ceaseless/Pods-Ceaseless.debug.xcconfig"; sourceTree = "<group>"; };
		CF4F6D081C96AB57002EA9C5 /* Ceaseless-Bridging-Header.h */ = {isa = PBXFileReference; lastKnownFileType = sourcecode.c.h; path = "Ceaseless-Bridging-Header.h"; sourceTree = "<group>"; };
		CF4F6D091C96AB57002EA9C5 /* BWWalkthroughPageViewController.swift */ = {isa = PBXFileReference; fileEncoding = 4; lastKnownFileType = sourcecode.swift; path = BWWalkthroughPageViewController.swift; sourceTree = "<group>"; };
		CF4F6D0A1C96AB57002EA9C5 /* BWWalkthroughViewController.swift */ = {isa = PBXFileReference; fileEncoding = 4; lastKnownFileType = sourcecode.swift; path = BWWalkthroughViewController.swift; sourceTree = "<group>"; };
		CF4F6D0F1C97C55B002EA9C5 /* OnboardingContactViewController.h */ = {isa = PBXFileReference; fileEncoding = 4; lastKnownFileType = sourcecode.c.h; path = OnboardingContactViewController.h; sourceTree = "<group>"; };
		CF4F6D101C97C55B002EA9C5 /* OnboardingContactViewController.m */ = {isa = PBXFileReference; fileEncoding = 4; lastKnownFileType = sourcecode.c.objc; path = OnboardingContactViewController.m; sourceTree = "<group>"; };
		CFD132611C97FAC2004CAA79 /* OnboardingNotificationViewController.h */ = {isa = PBXFileReference; fileEncoding = 4; lastKnownFileType = sourcecode.c.h; path = OnboardingNotificationViewController.h; sourceTree = "<group>"; };
		CFD132621C97FAC2004CAA79 /* OnboardingNotificationViewController.m */ = {isa = PBXFileReference; fileEncoding = 4; lastKnownFileType = sourcecode.c.objc; path = OnboardingNotificationViewController.m; sourceTree = "<group>"; };
/* End PBXFileReference section */

/* Begin PBXFrameworksBuildPhase section */
		42F3AE151AA4DD7F003A88F5 /* Frameworks */ = {
			isa = PBXFrameworksBuildPhase;
			buildActionMask = 2147483647;
			files = (
				42F505681AE42FCC00337A21 /* SystemConfiguration.framework in Frameworks */,
				42F505661AE42FC300337A21 /* CoreData.framework in Frameworks */,
				70F664091AA82B360073801E /* QuartzCore.framework in Frameworks */,
				70F664041AA7E4780073801E /* Foundation.framework in Frameworks */,
				70F664021AA7E46C0073801E /* UIKit.framework in Frameworks */,
				70F664001AA7E4470073801E /* Accelerate.framework in Frameworks */,
				70F663FB1AA7E14F0073801E /* CoreGraphics.framework in Frameworks */,
				9772DEA53D313B6241877979 /* Pods_Ceaseless.framework in Frameworks */,
			);
			runOnlyForDeploymentPostprocessing = 0;
		};
		42F3AE341AA4DD80003A88F5 /* Frameworks */ = {
			isa = PBXFrameworksBuildPhase;
			buildActionMask = 2147483647;
			files = (
				6AAE133331D8A7A6D740B650 /* Pods_CeaselessTests.framework in Frameworks */,
			);
			runOnlyForDeploymentPostprocessing = 0;
		};
		47FA707A107AA9269F7D80EE /* Frameworks */ = {
			isa = PBXFrameworksBuildPhase;
			buildActionMask = 2147483647;
			files = (
				4130416B5ED576F3F0CE153A /* Pods_CeaselessPack.framework in Frameworks */,
			);
			runOnlyForDeploymentPostprocessing = 0;
		};
/* End PBXFrameworksBuildPhase section */

/* Begin PBXGroup section */
		09F386B1E487159A89C8378C /* Pods */ = {
			isa = PBXGroup;
			children = (
				C9B9A8D37FD94F90E8DA32E9 /* Pods-Ceaseless.debug.xcconfig */,
				49E196878487596BCA321AB0 /* Pods-Ceaseless.release.xcconfig */,
				19330E7E82000F89441D0E46 /* Pods-CeaselessPack.debug.xcconfig */,
				96FFE36D75FA9736898164F3 /* Pods-CeaselessPack.release.xcconfig */,
				543DD1C64C789374091DD44B /* Pods-CeaselessTests.debug.xcconfig */,
				422B388C9AD02FE29D654992 /* Pods-CeaselessTests.release.xcconfig */,
			);
			name = Pods;
			sourceTree = "<group>";
		};
		42F3AE0F1AA4DD7F003A88F5 = {
			isa = PBXGroup;
			children = (
				4227F7881DBCBB3B00015654 /* Localizable.strings */,
				42F3AE1A1AA4DD7F003A88F5 /* Ceaseless */,
				42F3AE3A1AA4DD80003A88F5 /* CeaselessTests */,
				8A6AA22F1DBD9EE500DB0346 /* CeaselessPack */,
				42F3AE191AA4DD7F003A88F5 /* Products */,
				09F386B1E487159A89C8378C /* Pods */,
				C5EE5CBA7BA9BD85AEE9CC7D /* Frameworks */,
			);
			sourceTree = "<group>";
		};
		42F3AE191AA4DD7F003A88F5 /* Products */ = {
			isa = PBXGroup;
			children = (
				42F3AE181AA4DD7F003A88F5 /* Ceaseless.app */,
				42F3AE371AA4DD80003A88F5 /* CeaselessTests.xctest */,
				8A6AA22E1DBD9EE500DB0346 /* CeaselessPack.appex */,
			);
			name = Products;
			sourceTree = "<group>";
		};
		42F3AE1A1AA4DD7F003A88F5 /* Ceaseless */ = {
			isa = PBXGroup;
			children = (
				42FED05A205402980050F31E /* Ceaseless.entitlements */,
				CF4F6D071C96AB26002EA9C5 /* BWWalkthrough */,
				42F3AE1F1AA4DD7F003A88F5 /* AppDelegate.h */,
				42F3AE201AA4DD7F003A88F5 /* AppDelegate.m */,
				70F664161AA8B9260073801E /* ScripturePicker.h */,
				70F664171AA8B9260073801E /* ScripturePicker.m */,
				70D51C091AA6222700FA7CDC /* PersonPicker.h */,
				70D51C0A1AA6222700FA7CDC /* PersonPicker.m */,
				429094D81AF29F7A009ABC3E /* Reachability.h */,
				429094D91AF29F7A009ABC3E /* Reachability.m */,
				424C5B211ADF1137005C4CFC /* CeaselessService.h */,
				424C5B221ADF1137005C4CFC /* CeaselessService.m */,
				422DDD371ACBBD3400409001 /* AppUtils.h */,
				422DDD381ACBBD3400409001 /* AppUtils.m */,
				7083F7161AD5EEC6002D93AD /* NSString+FetchedGroupByString.h */,
				7083F7171AD5EEC6002D93AD /* NSString+FetchedGroupByString.m */,
				424C5B261AE0734F005C4CFC /* NSString+FontAwesome.h */,
				424C5B271AE0734F005C4CFC /* NSString+FontAwesome.m */,
				424C5B2C1AE073D5005C4CFC /* FAImageView.h */,
				424C5B2D1AE073D5005C4CFC /* FAImageView.m */,
				424C5B291AE073BE005C4CFC /* UIFont+FontAwesome.h */,
				424C5B2A1AE073BE005C4CFC /* UIFont+FontAwesome.m */,
				CF4F6D081C96AB57002EA9C5 /* Ceaseless-Bridging-Header.h */,
				70F664071AA7EAB20073801E /* Controllers */,
				70F664061AA7EA990073801E /* Model */,
				70D51C0F1AA668AA00FA7CDC /* View */,
				42F3AE2E1AA4DD7F003A88F5 /* Images.xcassets */,
				42F3AE301AA4DD7F003A88F5 /* LaunchScreen.xib */,
				70F664051AA7E4840073801E /* Frameworks */,
				42F3AE1B1AA4DD7F003A88F5 /* Supporting Files */,
				425271AE1AB37F29005098F6 /* CeaselessLocalContacts.h */,
				425271AF1AB37F29005098F6 /* CeaselessLocalContacts.m */,
			);
			path = Ceaseless;
			sourceTree = "<group>";
		};
		42F3AE1B1AA4DD7F003A88F5 /* Supporting Files */ = {
			isa = PBXGroup;
			children = (
				8A9D9DD11DBC31000056CB8C /* UIView+Glow.h */,
				8A9D9DD21DBC31000056CB8C /* UIView+Glow.m */,
				424C5B311AE07B76005C4CFC /* FontAwesome.ttf */,
				7083F7111AD4C474002D93AD /* at_the_beach.jpg */,
				8AA6D2461DC56DAA0068AAD6 /* AppConstants.h */,
				8AA6D2471DC56DAA0068AAD6 /* AppConstants.m */,
				42F3AE1C1AA4DD7F003A88F5 /* Info.plist */,
				42F3AE1D1AA4DD7F003A88F5 /* main.m */,
			);
			name = "Supporting Files";
			sourceTree = "<group>";
		};
		42F3AE3A1AA4DD80003A88F5 /* CeaselessTests */ = {
			isa = PBXGroup;
			children = (
				42F3AE3D1AA4DD80003A88F5 /* CeaselessTests.m */,
				425271A71AB1FA9A005098F6 /* ScripturePickerTests.m */,
				42F3AE3B1AA4DD80003A88F5 /* Supporting Files */,
				425271A91AB1FF1C005098F6 /* PersonPickerTests.m */,
			);
			path = CeaselessTests;
			sourceTree = "<group>";
		};
		42F3AE3B1AA4DD80003A88F5 /* Supporting Files */ = {
			isa = PBXGroup;
			children = (
				42F3AE3C1AA4DD80003A88F5 /* Info.plist */,
			);
			name = "Supporting Files";
			sourceTree = "<group>";
		};
		70D51C0F1AA668AA00FA7CDC /* View */ = {
			isa = PBXGroup;
			children = (
				42F3AE2B1AA4DD7F003A88F5 /* Main.storyboard */,
				425BB2B71DC00F0000D07A1D /* Onboarding.storyboard */,
				70F12B8E1AB396590090F47A /* PrayerJournalTableViewCell.h */,
				70F12B8F1AB396590090F47A /* PrayerJournalTableViewCell.m */,
				70BCCC1F1ABB768F00386D51 /* PersonNotesTableViewCell.h */,
				70BCCC201ABB768F00386D51 /* PersonNotesTableViewCell.m */,
				70D155D41AC1BC1700FB9486 /* ContactsListTableViewCell.h */,
				70D155D51AC1BC1700FB9486 /* ContactsListTableViewCell.m */,
				70F6640A1AA83CC60073801E /* ScriptureView.h */,
				70F6640B1AA83CC60073801E /* ScriptureView.m */,
				425BB2BC1DC00FE500D07A1D /* ScriptureView.xib */,
				42C13BB21ABCC285000D5C08 /* WebCardView.h */,
				42C13BB31ABCC285000D5C08 /* WebCardView.m */,
				425BB2C11DC0100400D07A1D /* WebCardView.xib */,
				425BB2C61DC0101D00D07A1D /* ProgressView.xib */,
				42E0F4A51AD60C6200CE64E3 /* ProgressView.h */,
				42E0F4A61AD60C6200CE64E3 /* ProgressView.m */,
				8A9D9DD41DBC5F3F0056CB8C /* CelebrationView.h */,
				8A9D9DD51DBC5F3F0056CB8C /* CelebrationView.m */,
				420580301ED55813000AAAE0 /* CelebrationView.xib */,
				70D51C141AA6800D00FA7CDC /* PersonView.h */,
				70D51C151AA6800D00FA7CDC /* PersonView.m */,
				425BB2CC1DC0114300D07A1D /* PersonView.xib */,
			);
			name = View;
			sourceTree = "<group>";
		};
		70F664051AA7E4840073801E /* Frameworks */ = {
			isa = PBXGroup;
			children = (
				42F5056B1AE42FDF00337A21 /* libsqlite3.dylib */,
				42F505691AE42FD600337A21 /* libz.dylib */,
				42F505671AE42FCC00337A21 /* SystemConfiguration.framework */,
				42F505651AE42FC300337A21 /* CoreData.framework */,
				70F664081AA82B360073801E /* QuartzCore.framework */,
				70F664031AA7E4780073801E /* Foundation.framework */,
				70F664011AA7E46C0073801E /* UIKit.framework */,
				70F663FF1AA7E4470073801E /* Accelerate.framework */,
				70F663FA1AA7E14F0073801E /* CoreGraphics.framework */,
			);
			name = Frameworks;
			path = ..;
			sourceTree = "<group>";
		};
		70F664061AA7EA990073801E /* Model */ = {
			isa = PBXGroup;
			children = (
				42DFFCC91AD8666B0053DAAD /* PersonIdentifier.h */,
				42DFFCCA1AD8666B0053DAAD /* PersonIdentifier.m */,
				42458C001ACF32FD00C48830 /* PersonInfo.h */,
				42458C011ACF32FD00C48830 /* PersonInfo.m */,
				42458BF41ACF1FEC00C48830 /* AddressBookId.h */,
				42458BF51ACF1FEC00C48830 /* AddressBookId.m */,
				42458BEE1ACF1FEC00C48830 /* PhoneNumber.h */,
				42458BEF1ACF1FEC00C48830 /* PhoneNumber.m */,
				42458BEB1ACF1FEC00C48830 /* Name.h */,
				42458BEC1ACF1FEC00C48830 /* Name.m */,
				42458BE81ACF1FEB00C48830 /* Email.h */,
				42458BE91ACF1FEB00C48830 /* Email.m */,
				42AA9BF61ACCBF6300C4896B /* Note.h */,
				42AA9BF71ACCBF6300C4896B /* Note.m */,
				704D5CA51AAF90A200BD48B3 /* Ceaseless.xcdatamodeld */,
				704D5CF21AAFA96200BD48B3 /* PrayerRecord.h */,
				704D5CF31AAFA96200BD48B3 /* PrayerRecord.m */,
				42A5AF861AB9497F00F209B8 /* PrayerRecordConstants.h */,
				42A5AF871AB9497F00F209B8 /* PrayerRecordConstants.m */,
				704D5CEF1AAFA96200BD48B3 /* ScriptureQueue.h */,
				704D5CF01AAFA96200BD48B3 /* ScriptureQueue.m */,
				704D5CE31AAFA96200BD48B3 /* PeopleQueue.h */,
				704D5CE41AAFA96200BD48B3 /* PeopleQueue.m */,
			);
			name = Model;
			sourceTree = "<group>";
		};
		70F664071AA7EAB20073801E /* Controllers */ = {
			isa = PBXGroup;
			children = (
				42F3AE221AA4DD7F003A88F5 /* RootViewController.h */,
				42F3AE231AA4DD7F003A88F5 /* RootViewController.m */,
				42F3AE251AA4DD7F003A88F5 /* DataViewController.h */,
				42F3AE261AA4DD7F003A88F5 /* DataViewController.m */,
				429E60871AAA5FD7003F37BF /* ScriptureViewController.h */,
				429E60881AAA5FD7003F37BF /* ScriptureViewController.m */,
				429E608A1AAA61B1003F37BF /* PersonViewController.h */,
				429E608B1AAA61B1003F37BF /* PersonViewController.m */,
				42E0F4A81AD60D1000CE64E3 /* ProgressViewController.h */,
				42E0F4A91AD60D1000CE64E3 /* ProgressViewController.m */,
				42C13BAF1ABCC074000D5C08 /* WebCardViewController.h */,
				42C13BB01ABCC074000D5C08 /* WebCardViewController.m */,
				704D5C9E1AAF6D5200BD48B3 /* PersonNotesViewController.h */,
				704D5C9F1AAF6D5200BD48B3 /* PersonNotesViewController.m */,
				70F12B821AB208000090F47A /* PrayerJournalViewController.h */,
				70F12B831AB208000090F47A /* PrayerJournalViewController.m */,
				70F12B851AB2082B0090F47A /* NoteViewController.h */,
				70F12B861AB2082B0090F47A /* NoteViewController.m */,
				70F12B881AB231DF0090F47A /* UserIdentityPicker.h */,
				70F12B891AB231DF0090F47A /* UserIdentityPicker.m */,
				70BFCAFD1ABCA78B0014C4BC /* MenuViewController.h */,
				70BFCAFE1ABCA78B0014C4BC /* MenuViewController.m */,
				70BFCB001AC070C50014C4BC /* ContactsListsViewController.h */,
				70BFCB011AC070C50014C4BC /* ContactsListsViewController.m */,
				70BBEDC11ABC768400D446AF /* SettingsViewController.h */,
				70BBEDC21ABC768400D446AF /* SettingsViewController.m */,
				42F3AE281AA4DD7F003A88F5 /* ModelController.h */,
				42F3AE291AA4DD7F003A88F5 /* ModelController.m */,
				CF4F6D0F1C97C55B002EA9C5 /* OnboardingContactViewController.h */,
				CF4F6D101C97C55B002EA9C5 /* OnboardingContactViewController.m */,
				CFD132611C97FAC2004CAA79 /* OnboardingNotificationViewController.h */,
				CFD132621C97FAC2004CAA79 /* OnboardingNotificationViewController.m */,
				8A9D9DCE1DBC29A90056CB8C /* CelebrationViewController.h */,
				8A9D9DCF1DBC29A90056CB8C /* CelebrationViewController.m */,
			);
			name = Controllers;
			sourceTree = "<group>";
		};
		8A6AA22F1DBD9EE500DB0346 /* CeaselessPack */ = {
			isa = PBXGroup;
			children = (
				8A6AA2301DBD9EE500DB0346 /* Stickers.xcassets */,
				8A6AA2321DBD9EE500DB0346 /* Info.plist */,
			);
			path = CeaselessPack;
			sourceTree = "<group>";
		};
		C5EE5CBA7BA9BD85AEE9CC7D /* Frameworks */ = {
			isa = PBXGroup;
			children = (
				555C75D601C9E93FFD0BC878 /* Pods_Ceaseless.framework */,
				4E88D65D121E87CE8898EB48 /* Pods_CeaselessPack.framework */,
				94B69160D2625E11B8FC8243 /* Pods_CeaselessTests.framework */,
			);
			name = Frameworks;
			sourceTree = "<group>";
		};
		CF4F6D071C96AB26002EA9C5 /* BWWalkthrough */ = {
			isa = PBXGroup;
			children = (
				CF4F6D091C96AB57002EA9C5 /* BWWalkthroughPageViewController.swift */,
				CF4F6D0A1C96AB57002EA9C5 /* BWWalkthroughViewController.swift */,
			);
			name = BWWalkthrough;
			sourceTree = "<group>";
		};
/* End PBXGroup section */

/* Begin PBXNativeTarget section */
		42F3AE171AA4DD7F003A88F5 /* Ceaseless */ = {
			isa = PBXNativeTarget;
			buildConfigurationList = 42F3AE411AA4DD80003A88F5 /* Build configuration list for PBXNativeTarget "Ceaseless" */;
			buildPhases = (
				8C4F30C4F7C584C3049AB87B /* [CP] Check Pods Manifest.lock */,
				42F3AE141AA4DD7F003A88F5 /* Sources */,
				42F3AE151AA4DD7F003A88F5 /* Frameworks */,
				42F3AE161AA4DD7F003A88F5 /* Resources */,
				42199AB11AAE61D500797224 /* ShellScript */,
				8A6AA2391DBD9EE500DB0346 /* Embed App Extensions */,
			);
			buildRules = (
			);
			dependencies = (
				8A6AA2341DBD9EE500DB0346 /* PBXTargetDependency */,
			);
			name = Ceaseless;
			productName = Ceaseless;
			productReference = 42F3AE181AA4DD7F003A88F5 /* Ceaseless.app */;
			productType = "com.apple.product-type.application";
		};
		42F3AE361AA4DD80003A88F5 /* CeaselessTests */ = {
			isa = PBXNativeTarget;
			buildConfigurationList = 42F3AE441AA4DD80003A88F5 /* Build configuration list for PBXNativeTarget "CeaselessTests" */;
			buildPhases = (
				D804653B2B7CA7F1AC89B36B /* [CP] Check Pods Manifest.lock */,
				42F3AE331AA4DD80003A88F5 /* Sources */,
				42F3AE341AA4DD80003A88F5 /* Frameworks */,
				42F3AE351AA4DD80003A88F5 /* Resources */,
			);
			buildRules = (
			);
			dependencies = (
				42F3AE391AA4DD80003A88F5 /* PBXTargetDependency */,
			);
			name = CeaselessTests;
			productName = CeaselessTests;
			productReference = 42F3AE371AA4DD80003A88F5 /* CeaselessTests.xctest */;
			productType = "com.apple.product-type.bundle.unit-test";
		};
		8A6AA22D1DBD9EE500DB0346 /* CeaselessPack */ = {
			isa = PBXNativeTarget;
			buildConfigurationList = 8A6AA2381DBD9EE500DB0346 /* Build configuration list for PBXNativeTarget "CeaselessPack" */;
			buildPhases = (
				CA651C46C3A9D86924472776 /* [CP] Check Pods Manifest.lock */,
				8A6AA22C1DBD9EE500DB0346 /* Resources */,
				47FA707A107AA9269F7D80EE /* Frameworks */,
			);
			buildRules = (
			);
			dependencies = (
			);
			name = CeaselessPack;
			productName = CeaselessPack;
			productReference = 8A6AA22E1DBD9EE500DB0346 /* CeaselessPack.appex */;
			productType = "com.apple.product-type.app-extension.messages-sticker-pack";
		};
/* End PBXNativeTarget section */

/* Begin PBXProject section */
		42F3AE101AA4DD7F003A88F5 /* Project object */ = {
			isa = PBXProject;
			attributes = {
				LastSwiftUpdateCheck = 0720;
				LastUpgradeCheck = 1130;
				ORGANIZATIONNAME = "Christopher Lim";
				TargetAttributes = {
					42F3AE171AA4DD7F003A88F5 = {
						CreatedOnToolsVersion = 6.1.1;
						DevelopmentTeam = 28DYBASY7W;
						LastSwiftMigration = 1130;
						SystemCapabilities = {
							com.apple.BackgroundModes = {
								enabled = 1;
							};
							com.apple.Push = {
								enabled = 1;
							};
						};
					};
					42F3AE361AA4DD80003A88F5 = {
						CreatedOnToolsVersion = 6.1.1;
						DevelopmentTeam = 28DYBASY7W;
						TestTargetID = 42F3AE171AA4DD7F003A88F5;
					};
					8A6AA22D1DBD9EE500DB0346 = {
						CreatedOnToolsVersion = 8.1;
						DevelopmentTeam = 28DYBASY7W;
						ProvisioningStyle = Automatic;
					};
				};
			};
			buildConfigurationList = 42F3AE131AA4DD7F003A88F5 /* Build configuration list for PBXProject "Ceaseless" */;
			compatibilityVersion = "Xcode 3.2";
			developmentRegion = en;
			hasScannedForEncodings = 0;
			knownRegions = (
				en,
				Base,
				id,
			);
			mainGroup = 42F3AE0F1AA4DD7F003A88F5;
			productRefGroup = 42F3AE191AA4DD7F003A88F5 /* Products */;
			projectDirPath = "";
			projectRoot = "";
			targets = (
				42F3AE171AA4DD7F003A88F5 /* Ceaseless */,
				42F3AE361AA4DD80003A88F5 /* CeaselessTests */,
				8A6AA22D1DBD9EE500DB0346 /* CeaselessPack */,
			);
		};
/* End PBXProject section */

/* Begin PBXResourcesBuildPhase section */
		42F3AE161AA4DD7F003A88F5 /* Resources */ = {
			isa = PBXResourcesBuildPhase;
			buildActionMask = 2147483647;
			files = (
				427097811E2B58040024EEE7 /* WebCardView.xib in Resources */,
				425BB2BA1DC00FE500D07A1D /* ScriptureView.xib in Resources */,
				425BB2B51DC00F0000D07A1D /* Onboarding.storyboard in Resources */,
				4227F7861DBCBB3B00015654 /* Localizable.strings in Resources */,
				7083F7121AD4C474002D93AD /* at_the_beach.jpg in Resources */,
				42F3AE2D1AA4DD7F003A88F5 /* Main.storyboard in Resources */,
				425BB2C41DC0101D00D07A1D /* ProgressView.xib in Resources */,
				42F3AE321AA4DD80003A88F5 /* LaunchScreen.xib in Resources */,
				4205802E1ED55813000AAAE0 /* CelebrationView.xib in Resources */,
				42F3AE2F1AA4DD7F003A88F5 /* Images.xcassets in Resources */,
				424C5B321AE08433005C4CFC /* FontAwesome.ttf in Resources */,
				425BB2CA1DC0114300D07A1D /* PersonView.xib in Resources */,
			);
			runOnlyForDeploymentPostprocessing = 0;
		};
		42F3AE351AA4DD80003A88F5 /* Resources */ = {
			isa = PBXResourcesBuildPhase;
			buildActionMask = 2147483647;
			files = (
			);
			runOnlyForDeploymentPostprocessing = 0;
		};
		8A6AA22C1DBD9EE500DB0346 /* Resources */ = {
			isa = PBXResourcesBuildPhase;
			buildActionMask = 2147483647;
			files = (
				8A6AA2311DBD9EE500DB0346 /* Stickers.xcassets in Resources */,
			);
			runOnlyForDeploymentPostprocessing = 0;
		};
/* End PBXResourcesBuildPhase section */

/* Begin PBXShellScriptBuildPhase section */
		42199AB11AAE61D500797224 /* ShellScript */ = {
			isa = PBXShellScriptBuildPhase;
			buildActionMask = 2147483647;
			files = (
			);
			inputPaths = (
			);
			outputPaths = (
			);
			runOnlyForDeploymentPostprocessing = 0;
			shellPath = /bin/sh;
			shellScript = "#\n# Set the build number to the current git commit count.\n# If we're using the Dev scheme, then we'll suffix the build\n# number with the current branch name, to make collisions\n# far less likely across feature branches.\n# Based on: http://w3facility.info/question/how-do-i-force-xcode-to-rebuild-the-info-plist-file-in-my-project-every-time-i-build-the-project/\n#\ngit=`sh /etc/profile; which git`\nappBuild=`\"$git\" rev-list --all |wc -l`\nif [ $CONFIGURATION = \"Debug\" ]; then\nbranchName=`\"$git\" rev-parse --abbrev-ref HEAD`\n/usr/libexec/PlistBuddy -c \"Set :CFBundleVersion $appBuild-$branchName\" \"${TARGET_BUILD_DIR}/${INFOPLIST_PATH}\"\nelse\n/usr/libexec/PlistBuddy -c \"Set :CFBundleVersion $appBuild\" \"${TARGET_BUILD_DIR}/${INFOPLIST_PATH}\"\nfi\necho \"Updated ${TARGET_BUILD_DIR}/${INFOPLIST_PATH}\"";
		};
		8C4F30C4F7C584C3049AB87B /* [CP] Check Pods Manifest.lock */ = {
			isa = PBXShellScriptBuildPhase;
			buildActionMask = 2147483647;
			files = (
			);
			inputPaths = (
				"${PODS_PODFILE_DIR_PATH}/Podfile.lock",
				"${PODS_ROOT}/Manifest.lock",
			);
			name = "[CP] Check Pods Manifest.lock";
			outputPaths = (
				"$(DERIVED_FILE_DIR)/Pods-Ceaseless-checkManifestLockResult.txt",
			);
			runOnlyForDeploymentPostprocessing = 0;
			shellPath = /bin/sh;
			shellScript = "diff \"${PODS_PODFILE_DIR_PATH}/Podfile.lock\" \"${PODS_ROOT}/Manifest.lock\" > /dev/null\nif [ $? != 0 ] ; then\n    # print error to STDERR\n    echo \"error: The sandbox is not in sync with the Podfile.lock. Run 'pod install' or update your CocoaPods installation.\" >&2\n    exit 1\nfi\n# This output is used by Xcode 'outputs' to avoid re-running this script phase.\necho \"SUCCESS\" > \"${SCRIPT_OUTPUT_FILE_0}\"\n";
			showEnvVarsInLog = 0;
		};
		CA651C46C3A9D86924472776 /* [CP] Check Pods Manifest.lock */ = {
			isa = PBXShellScriptBuildPhase;
			buildActionMask = 2147483647;
			files = (
			);
			inputPaths = (
				"${PODS_PODFILE_DIR_PATH}/Podfile.lock",
				"${PODS_ROOT}/Manifest.lock",
			);
			name = "[CP] Check Pods Manifest.lock";
			outputPaths = (
				"$(DERIVED_FILE_DIR)/Pods-CeaselessPack-checkManifestLockResult.txt",
			);
			runOnlyForDeploymentPostprocessing = 0;
			shellPath = /bin/sh;
			shellScript = "diff \"${PODS_PODFILE_DIR_PATH}/Podfile.lock\" \"${PODS_ROOT}/Manifest.lock\" > /dev/null\nif [ $? != 0 ] ; then\n    # print error to STDERR\n    echo \"error: The sandbox is not in sync with the Podfile.lock. Run 'pod install' or update your CocoaPods installation.\" >&2\n    exit 1\nfi\n# This output is used by Xcode 'outputs' to avoid re-running this script phase.\necho \"SUCCESS\" > \"${SCRIPT_OUTPUT_FILE_0}\"\n";
			showEnvVarsInLog = 0;
		};
		D804653B2B7CA7F1AC89B36B /* [CP] Check Pods Manifest.lock */ = {
			isa = PBXShellScriptBuildPhase;
			buildActionMask = 2147483647;
			files = (
			);
			inputPaths = (
				"${PODS_PODFILE_DIR_PATH}/Podfile.lock",
				"${PODS_ROOT}/Manifest.lock",
			);
			name = "[CP] Check Pods Manifest.lock";
			outputPaths = (
				"$(DERIVED_FILE_DIR)/Pods-CeaselessTests-checkManifestLockResult.txt",
			);
			runOnlyForDeploymentPostprocessing = 0;
			shellPath = /bin/sh;
			shellScript = "diff \"${PODS_PODFILE_DIR_PATH}/Podfile.lock\" \"${PODS_ROOT}/Manifest.lock\" > /dev/null\nif [ $? != 0 ] ; then\n    # print error to STDERR\n    echo \"error: The sandbox is not in sync with the Podfile.lock. Run 'pod install' or update your CocoaPods installation.\" >&2\n    exit 1\nfi\n# This output is used by Xcode 'outputs' to avoid re-running this script phase.\necho \"SUCCESS\" > \"${SCRIPT_OUTPUT_FILE_0}\"\n";
			showEnvVarsInLog = 0;
		};
/* End PBXShellScriptBuildPhase section */

/* Begin PBXSourcesBuildPhase section */
		42F3AE141AA4DD7F003A88F5 /* Sources */ = {
			isa = PBXSourcesBuildPhase;
			buildActionMask = 2147483647;
			files = (
				42AA9BF81ACCBF6300C4896B /* Note.m in Sources */,
				42C13BB41ABCC285000D5C08 /* WebCardView.m in Sources */,
				42F3AE271AA4DD7F003A88F5 /* DataViewController.m in Sources */,
				422DDD391ACBBD3400409001 /* AppUtils.m in Sources */,
				424C5B281AE0734F005C4CFC /* NSString+FontAwesome.m in Sources */,
				42A5AF881AB9497F00F209B8 /* PrayerRecordConstants.m in Sources */,
				70BBEDC31ABC768400D446AF /* SettingsViewController.m in Sources */,
				CF4F6D0C1C96AB57002EA9C5 /* BWWalkthroughViewController.swift in Sources */,
				70D51C161AA6800D00FA7CDC /* PersonView.m in Sources */,
				424C5B2B1AE073BE005C4CFC /* UIFont+FontAwesome.m in Sources */,
				429094DA1AF29F7A009ABC3E /* Reachability.m in Sources */,
				42DFFCCB1AD8666B0053DAAD /* PersonIdentifier.m in Sources */,
				429E60891AAA5FD8003F37BF /* ScriptureViewController.m in Sources */,
				425271B01AB37F29005098F6 /* CeaselessLocalContacts.m in Sources */,
				704D5CE51AAFA96200BD48B3 /* PeopleQueue.m in Sources */,
				424C5B2E1AE073D5005C4CFC /* FAImageView.m in Sources */,
				42458BED1ACF1FEC00C48830 /* Name.m in Sources */,
				70D155D61AC1BC1700FB9486 /* ContactsListTableViewCell.m in Sources */,
				429E608C1AAA61B1003F37BF /* PersonViewController.m in Sources */,
				8A9D9DD01DBC29A90056CB8C /* CelebrationViewController.m in Sources */,
				704D5CF41AAFA96200BD48B3 /* PrayerRecord.m in Sources */,
				70F6640C1AA83CC60073801E /* ScriptureView.m in Sources */,
				42F3AE211AA4DD7F003A88F5 /* AppDelegate.m in Sources */,
				42458BEA1ACF1FEB00C48830 /* Email.m in Sources */,
				42458C021ACF32FD00C48830 /* PersonInfo.m in Sources */,
				42E0F4AA1AD60D1000CE64E3 /* ProgressViewController.m in Sources */,
				704D5CA11AAF6D5200BD48B3 /* PersonNotesViewController.m in Sources */,
				CF4F6D0B1C96AB57002EA9C5 /* BWWalkthroughPageViewController.swift in Sources */,
				42C13BB11ABCC074000D5C08 /* WebCardViewController.m in Sources */,
				42F3AE2A1AA4DD7F003A88F5 /* ModelController.m in Sources */,
				704D5CA71AAF90A200BD48B3 /* Ceaseless.xcdatamodeld in Sources */,
				42E0F4A71AD60C6200CE64E3 /* ProgressView.m in Sources */,
				70F664181AA8B9260073801E /* ScripturePicker.m in Sources */,
				704D5CF11AAFA96200BD48B3 /* ScriptureQueue.m in Sources */,
				CF4F6D111C97C55B002EA9C5 /* OnboardingContactViewController.m in Sources */,
				42458BF01ACF1FEC00C48830 /* PhoneNumber.m in Sources */,
				70F12B901AB396590090F47A /* PrayerJournalTableViewCell.m in Sources */,
				8A9D9DD31DBC31000056CB8C /* UIView+Glow.m in Sources */,
				70D51C0B1AA6222700FA7CDC /* PersonPicker.m in Sources */,
				70F12B871AB2082B0090F47A /* NoteViewController.m in Sources */,
				8A9D9DD61DBC5F3F0056CB8C /* CelebrationView.m in Sources */,
				424C5B231ADF1137005C4CFC /* CeaselessService.m in Sources */,
				70BCCC211ABB768F00386D51 /* PersonNotesTableViewCell.m in Sources */,
				7083F7181AD5EEC6002D93AD /* NSString+FetchedGroupByString.m in Sources */,
				70BFCB021AC070C50014C4BC /* ContactsListsViewController.m in Sources */,
				CFD132631C97FAC2004CAA79 /* OnboardingNotificationViewController.m in Sources */,
				42F3AE1E1AA4DD7F003A88F5 /* main.m in Sources */,
				8AA6D2481DC56DAA0068AAD6 /* AppConstants.m in Sources */,
				42458BF61ACF1FEC00C48830 /* AddressBookId.m in Sources */,
				42F3AE241AA4DD7F003A88F5 /* RootViewController.m in Sources */,
				70F12B841AB208000090F47A /* PrayerJournalViewController.m in Sources */,
				70BFCAFF1ABCA78B0014C4BC /* MenuViewController.m in Sources */,
				70F12B8A1AB231DF0090F47A /* UserIdentityPicker.m in Sources */,
			);
			runOnlyForDeploymentPostprocessing = 0;
		};
		42F3AE331AA4DD80003A88F5 /* Sources */ = {
			isa = PBXSourcesBuildPhase;
			buildActionMask = 2147483647;
			files = (
				42F3AE3E1AA4DD80003A88F5 /* CeaselessTests.m in Sources */,
				425271A81AB1FA9A005098F6 /* ScripturePickerTests.m in Sources */,
				425271AA1AB1FF1C005098F6 /* PersonPickerTests.m in Sources */,
			);
			runOnlyForDeploymentPostprocessing = 0;
		};
/* End PBXSourcesBuildPhase section */

/* Begin PBXTargetDependency section */
		42F3AE391AA4DD80003A88F5 /* PBXTargetDependency */ = {
			isa = PBXTargetDependency;
			target = 42F3AE171AA4DD7F003A88F5 /* Ceaseless */;
			targetProxy = 42F3AE381AA4DD80003A88F5 /* PBXContainerItemProxy */;
		};
		8A6AA2341DBD9EE500DB0346 /* PBXTargetDependency */ = {
			isa = PBXTargetDependency;
			target = 8A6AA22D1DBD9EE500DB0346 /* CeaselessPack */;
			targetProxy = 8A6AA2331DBD9EE500DB0346 /* PBXContainerItemProxy */;
		};
/* End PBXTargetDependency section */

/* Begin PBXVariantGroup section */
		420580301ED55813000AAAE0 /* CelebrationView.xib */ = {
			isa = PBXVariantGroup;
			children = (
				4205802F1ED55813000AAAE0 /* Base */,
				420580321ED5581E000AAAE0 /* id */,
			);
			name = CelebrationView.xib;
			sourceTree = "<group>";
		};
		4227F7881DBCBB3B00015654 /* Localizable.strings */ = {
			isa = PBXVariantGroup;
			children = (
				4227F7891DBCBB5300015654 /* id */,
				425BB2C91DC0103100D07A1D /* Base */,
			);
			name = Localizable.strings;
			sourceTree = "<group>";
		};
		425BB2B71DC00F0000D07A1D /* Onboarding.storyboard */ = {
			isa = PBXVariantGroup;
			children = (
				425BB2B61DC00F0000D07A1D /* Base */,
				425BB2B91DC00F1000D07A1D /* id */,
			);
			name = Onboarding.storyboard;
			sourceTree = "<group>";
		};
		425BB2BC1DC00FE500D07A1D /* ScriptureView.xib */ = {
			isa = PBXVariantGroup;
			children = (
				425BB2BB1DC00FE500D07A1D /* Base */,
				425BB2BE1DC00FE700D07A1D /* id */,
			);
			name = ScriptureView.xib;
			sourceTree = "<group>";
		};
		425BB2C11DC0100400D07A1D /* WebCardView.xib */ = {
			isa = PBXVariantGroup;
			children = (
				425BB2C01DC0100400D07A1D /* Base */,
				425BB2C31DC0100B00D07A1D /* id */,
			);
			name = WebCardView.xib;
			sourceTree = "<group>";
		};
		425BB2C61DC0101D00D07A1D /* ProgressView.xib */ = {
			isa = PBXVariantGroup;
			children = (
				425BB2C51DC0101D00D07A1D /* Base */,
				425BB2C81DC0102100D07A1D /* id */,
			);
			name = ProgressView.xib;
			sourceTree = "<group>";
		};
		425BB2CC1DC0114300D07A1D /* PersonView.xib */ = {
			isa = PBXVariantGroup;
			children = (
				425BB2CB1DC0114300D07A1D /* Base */,
				425BB2CE1DC0114500D07A1D /* id */,
			);
			name = PersonView.xib;
			sourceTree = "<group>";
		};
		42F3AE2B1AA4DD7F003A88F5 /* Main.storyboard */ = {
			isa = PBXVariantGroup;
			children = (
				42F3AE2C1AA4DD7F003A88F5 /* Base */,
				4227F7841DBCBAB300015654 /* id */,
			);
			name = Main.storyboard;
			sourceTree = "<group>";
		};
		42F3AE301AA4DD7F003A88F5 /* LaunchScreen.xib */ = {
			isa = PBXVariantGroup;
			children = (
				42F3AE311AA4DD80003A88F5 /* Base */,
				4227F7851DBCBAB300015654 /* id */,
			);
			name = LaunchScreen.xib;
			sourceTree = "<group>";
		};
/* End PBXVariantGroup section */

/* Begin XCBuildConfiguration section */
		42F3AE3F1AA4DD80003A88F5 /* Debug */ = {
			isa = XCBuildConfiguration;
			buildSettings = {
				ALWAYS_SEARCH_USER_PATHS = NO;
				CLANG_ANALYZER_LOCALIZABILITY_NONLOCALIZED = YES;
				CLANG_CXX_LANGUAGE_STANDARD = "gnu++0x";
				CLANG_CXX_LIBRARY = "libc++";
				CLANG_ENABLE_MODULES = YES;
				CLANG_ENABLE_OBJC_ARC = YES;
				CLANG_WARN_BLOCK_CAPTURE_AUTORELEASING = YES;
				CLANG_WARN_BOOL_CONVERSION = YES;
				CLANG_WARN_COMMA = YES;
				CLANG_WARN_CONSTANT_CONVERSION = YES;
				CLANG_WARN_DEPRECATED_OBJC_IMPLEMENTATIONS = YES;
				CLANG_WARN_DIRECT_OBJC_ISA_USAGE = YES_ERROR;
				CLANG_WARN_EMPTY_BODY = YES;
				CLANG_WARN_ENUM_CONVERSION = YES;
				CLANG_WARN_INFINITE_RECURSION = YES;
				CLANG_WARN_INT_CONVERSION = YES;
				CLANG_WARN_NON_LITERAL_NULL_CONVERSION = YES;
				CLANG_WARN_OBJC_IMPLICIT_RETAIN_SELF = YES;
				CLANG_WARN_OBJC_LITERAL_CONVERSION = YES;
				CLANG_WARN_OBJC_ROOT_CLASS = YES_ERROR;
				CLANG_WARN_RANGE_LOOP_ANALYSIS = YES;
				CLANG_WARN_STRICT_PROTOTYPES = YES;
				CLANG_WARN_SUSPICIOUS_MOVE = YES;
				CLANG_WARN_UNREACHABLE_CODE = YES;
				CLANG_WARN__DUPLICATE_METHOD_MATCH = YES;
				"CODE_SIGN_IDENTITY[sdk=iphoneos*]" = "iPhone Developer";
				COPY_PHASE_STRIP = NO;
				ENABLE_BITCODE = NO;
				ENABLE_STRICT_OBJC_MSGSEND = YES;
				ENABLE_TESTABILITY = YES;
				GCC_C_LANGUAGE_STANDARD = gnu99;
				GCC_DYNAMIC_NO_PIC = NO;
				GCC_NO_COMMON_BLOCKS = YES;
				GCC_OPTIMIZATION_LEVEL = 0;
				GCC_PREPROCESSOR_DEFINITIONS = (
					"DEBUG=1",
					"$(inherited)",
				);
				GCC_SYMBOLS_PRIVATE_EXTERN = NO;
				GCC_WARN_64_TO_32_BIT_CONVERSION = YES;
				GCC_WARN_ABOUT_RETURN_TYPE = YES_ERROR;
				GCC_WARN_UNDECLARED_SELECTOR = YES;
				GCC_WARN_UNINITIALIZED_AUTOS = YES_AGGRESSIVE;
				GCC_WARN_UNUSED_FUNCTION = YES;
				GCC_WARN_UNUSED_VARIABLE = YES;
				IPHONEOS_DEPLOYMENT_TARGET = 8.1;
				MTL_ENABLE_DEBUG_INFO = YES;
				ONLY_ACTIVE_ARCH = YES;
				SDKROOT = iphoneos;
				TARGETED_DEVICE_FAMILY = "1,2";
			};
			name = Debug;
		};
		42F3AE401AA4DD80003A88F5 /* Release */ = {
			isa = XCBuildConfiguration;
			buildSettings = {
				ALWAYS_SEARCH_USER_PATHS = NO;
				CLANG_ANALYZER_LOCALIZABILITY_NONLOCALIZED = YES;
				CLANG_CXX_LANGUAGE_STANDARD = "gnu++0x";
				CLANG_CXX_LIBRARY = "libc++";
				CLANG_ENABLE_MODULES = YES;
				CLANG_ENABLE_OBJC_ARC = YES;
				CLANG_WARN_BLOCK_CAPTURE_AUTORELEASING = YES;
				CLANG_WARN_BOOL_CONVERSION = YES;
				CLANG_WARN_COMMA = YES;
				CLANG_WARN_CONSTANT_CONVERSION = YES;
				CLANG_WARN_DEPRECATED_OBJC_IMPLEMENTATIONS = YES;
				CLANG_WARN_DIRECT_OBJC_ISA_USAGE = YES_ERROR;
				CLANG_WARN_EMPTY_BODY = YES;
				CLANG_WARN_ENUM_CONVERSION = YES;
				CLANG_WARN_INFINITE_RECURSION = YES;
				CLANG_WARN_INT_CONVERSION = YES;
				CLANG_WARN_NON_LITERAL_NULL_CONVERSION = YES;
				CLANG_WARN_OBJC_IMPLICIT_RETAIN_SELF = YES;
				CLANG_WARN_OBJC_LITERAL_CONVERSION = YES;
				CLANG_WARN_OBJC_ROOT_CLASS = YES_ERROR;
				CLANG_WARN_RANGE_LOOP_ANALYSIS = YES;
				CLANG_WARN_STRICT_PROTOTYPES = YES;
				CLANG_WARN_SUSPICIOUS_MOVE = YES;
				CLANG_WARN_UNREACHABLE_CODE = YES;
				CLANG_WARN__DUPLICATE_METHOD_MATCH = YES;
				"CODE_SIGN_IDENTITY[sdk=iphoneos*]" = "iPhone Developer";
				COPY_PHASE_STRIP = YES;
				ENABLE_BITCODE = NO;
				ENABLE_NS_ASSERTIONS = NO;
				ENABLE_STRICT_OBJC_MSGSEND = YES;
				GCC_C_LANGUAGE_STANDARD = gnu99;
				GCC_NO_COMMON_BLOCKS = YES;
				GCC_WARN_64_TO_32_BIT_CONVERSION = YES;
				GCC_WARN_ABOUT_RETURN_TYPE = YES_ERROR;
				GCC_WARN_UNDECLARED_SELECTOR = YES;
				GCC_WARN_UNINITIALIZED_AUTOS = YES_AGGRESSIVE;
				GCC_WARN_UNUSED_FUNCTION = YES;
				GCC_WARN_UNUSED_VARIABLE = YES;
				IPHONEOS_DEPLOYMENT_TARGET = 8.1;
				MTL_ENABLE_DEBUG_INFO = NO;
				SDKROOT = iphoneos;
				SWIFT_OPTIMIZATION_LEVEL = "-Owholemodule";
				TARGETED_DEVICE_FAMILY = "1,2";
				VALIDATE_PRODUCT = YES;
			};
			name = Release;
		};
		42F3AE421AA4DD80003A88F5 /* Debug */ = {
			isa = XCBuildConfiguration;
			baseConfigurationReference = C9B9A8D37FD94F90E8DA32E9 /* Pods-Ceaseless.debug.xcconfig */;
			buildSettings = {
				ASSETCATALOG_COMPILER_APPICON_NAME = AppIcon;
				CLANG_ENABLE_MODULES = YES;
				CODE_SIGN_ENTITLEMENTS = Ceaseless/Ceaseless.entitlements;
				CODE_SIGN_IDENTITY = "iPhone Developer";
				"CODE_SIGN_IDENTITY[sdk=iphoneos*]" = "iPhone Developer";
				DEVELOPMENT_TEAM = 28DYBASY7W;
				INFOPLIST_FILE = Ceaseless/Info.plist;
				LD_RUNPATH_SEARCH_PATHS = "$(inherited) @executable_path/Frameworks";
				LIBRARY_SEARCH_PATHS = (
					"$(inherited)",
					"$(PROJECT_DIR)/Ceaseless/Library",
				);
				OTHER_LDFLAGS = (
					"$(inherited)",
					"-l\"c++\"",
					"-l\"sqlite3\"",
					"-l\"stdc++\"",
					"-l\"z\"",
					"-framework",
					"\"AddressBook\"",
					"-framework",
					"\"AssetsLibrary\"",
					"-framework",
					"\"CoreData\"",
					"-framework",
					"\"CoreFoundation\"",
					"-framework",
					"\"CoreLocation\"",
					"-framework",
					"\"CoreMotion\"",
					"-framework",
					"\"MessageUI\"",
					"-framework",
					"\"StoreKit\"",
					"-framework",
					"\"SystemConfiguration\"",
				);
				PRODUCT_BUNDLE_IDENTIFIER = com.ceaselessprayer;
				PRODUCT_NAME = "$(TARGET_NAME)";
				PROVISIONING_PROFILE = "";
				SWIFT_OBJC_BRIDGING_HEADER = "Ceaseless/Ceaseless-Bridging-Header.h";
				SWIFT_OPTIMIZATION_LEVEL = "-Onone";
				SWIFT_SWIFT3_OBJC_INFERENCE = Default;
				SWIFT_VERSION = 5.0;
			};
			name = Debug;
		};
		42F3AE431AA4DD80003A88F5 /* Release */ = {
			isa = XCBuildConfiguration;
			baseConfigurationReference = 49E196878487596BCA321AB0 /* Pods-Ceaseless.release.xcconfig */;
			buildSettings = {
				ASSETCATALOG_COMPILER_APPICON_NAME = AppIcon;
				CLANG_ENABLE_MODULES = YES;
				CODE_SIGN_ENTITLEMENTS = Ceaseless/Ceaseless.entitlements;
				CODE_SIGN_IDENTITY = "iPhone Developer";
				"CODE_SIGN_IDENTITY[sdk=iphoneos*]" = "iPhone Developer";
				DEVELOPMENT_TEAM = 28DYBASY7W;
				INFOPLIST_FILE = Ceaseless/Info.plist;
				LD_RUNPATH_SEARCH_PATHS = "$(inherited) @executable_path/Frameworks";
				LIBRARY_SEARCH_PATHS = (
					"$(inherited)",
					"$(PROJECT_DIR)/Ceaseless/Library",
				);
				OTHER_LDFLAGS = (
					"$(inherited)",
					"-l\"c++\"",
					"-l\"sqlite3\"",
					"-l\"stdc++\"",
					"-l\"z\"",
					"-framework",
					"\"AddressBook\"",
					"-framework",
					"\"AssetsLibrary\"",
					"-framework",
					"\"CoreData\"",
					"-framework",
					"\"CoreFoundation\"",
					"-framework",
					"\"CoreLocation\"",
					"-framework",
					"\"CoreMotion\"",
					"-framework",
					"\"MessageUI\"",
					"-framework",
					"\"StoreKit\"",
					"-framework",
					"\"SystemConfiguration\"",
				);
				PRODUCT_BUNDLE_IDENTIFIER = com.ceaselessprayer;
				PRODUCT_NAME = "$(TARGET_NAME)";
				PROVISIONING_PROFILE = "";
				SWIFT_OBJC_BRIDGING_HEADER = "Ceaseless/Ceaseless-Bridging-Header.h";
				SWIFT_SWIFT3_OBJC_INFERENCE = Default;
				SWIFT_VERSION = 5.0;
			};
			name = Release;
		};
		42F3AE451AA4DD80003A88F5 /* Debug */ = {
			isa = XCBuildConfiguration;
			baseConfigurationReference = 543DD1C64C789374091DD44B /* Pods-CeaselessTests.debug.xcconfig */;
			buildSettings = {
				BUNDLE_LOADER = "$(TEST_HOST)";
				CODE_SIGN_IDENTITY = "iPhone Developer";
				"CODE_SIGN_IDENTITY[sdk=iphoneos*]" = "iPhone Developer";
				GCC_PREPROCESSOR_DEFINITIONS = (
					"DEBUG=1",
					"$(inherited)",
				);
				INFOPLIST_FILE = CeaselessTests/Info.plist;
				LD_RUNPATH_SEARCH_PATHS = "$(inherited) @executable_path/Frameworks @loader_path/Frameworks";
				PRODUCT_BUNDLE_IDENTIFIER = "com.ceaselessprayer.$(PRODUCT_NAME:rfc1034identifier)";
				PRODUCT_NAME = "$(TARGET_NAME)";
				PROVISIONING_PROFILE = "";
				TEST_HOST = "$(BUILT_PRODUCTS_DIR)/Ceaseless.app/Ceaseless";
			};
			name = Debug;
		};
		42F3AE461AA4DD80003A88F5 /* Release */ = {
			isa = XCBuildConfiguration;
			baseConfigurationReference = 422B388C9AD02FE29D654992 /* Pods-CeaselessTests.release.xcconfig */;
			buildSettings = {
				BUNDLE_LOADER = "$(TEST_HOST)";
				CODE_SIGN_IDENTITY = "iPhone Developer";
				"CODE_SIGN_IDENTITY[sdk=iphoneos*]" = "iPhone Developer";
				INFOPLIST_FILE = CeaselessTests/Info.plist;
				LD_RUNPATH_SEARCH_PATHS = "$(inherited) @executable_path/Frameworks @loader_path/Frameworks";
				PRODUCT_BUNDLE_IDENTIFIER = "com.ceaselessprayer.$(PRODUCT_NAME:rfc1034identifier)";
				PRODUCT_NAME = "$(TARGET_NAME)";
				PROVISIONING_PROFILE = "";
				TEST_HOST = "$(BUILT_PRODUCTS_DIR)/Ceaseless.app/Ceaseless";
			};
			name = Release;
		};
		8A6AA2361DBD9EE500DB0346 /* Debug */ = {
			isa = XCBuildConfiguration;
			baseConfigurationReference = 19330E7E82000F89441D0E46 /* Pods-CeaselessPack.debug.xcconfig */;
			buildSettings = {
				ASSETCATALOG_COMPILER_APPICON_NAME = "iMessage App Icon";
				CLANG_ANALYZER_NONNULL = YES;
				CLANG_WARN_DOCUMENTATION_COMMENTS = YES;
				CLANG_WARN_INFINITE_RECURSION = YES;
				CLANG_WARN_SUSPICIOUS_MOVES = YES;
				CODE_SIGN_IDENTITY = "iPhone Developer";
				"CODE_SIGN_IDENTITY[sdk=iphoneos*]" = "iPhone Developer";
				DEBUG_INFORMATION_FORMAT = dwarf;
				DEVELOPMENT_TEAM = 28DYBASY7W;
				GCC_NO_COMMON_BLOCKS = YES;
				INFOPLIST_FILE = CeaselessPack/Info.plist;
				IPHONEOS_DEPLOYMENT_TARGET = 10.1;
				PRODUCT_BUNDLE_IDENTIFIER = com.ceaselessprayer.CeaselessPack;
				PRODUCT_NAME = "$(TARGET_NAME)";
				SKIP_INSTALL = YES;
			};
			name = Debug;
		};
		8A6AA2371DBD9EE500DB0346 /* Release */ = {
			isa = XCBuildConfiguration;
			baseConfigurationReference = 96FFE36D75FA9736898164F3 /* Pods-CeaselessPack.release.xcconfig */;
			buildSettings = {
				ASSETCATALOG_COMPILER_APPICON_NAME = "iMessage App Icon";
				CLANG_ANALYZER_NONNULL = YES;
				CLANG_WARN_DOCUMENTATION_COMMENTS = YES;
				CLANG_WARN_INFINITE_RECURSION = YES;
				CLANG_WARN_SUSPICIOUS_MOVES = YES;
				CODE_SIGN_IDENTITY = "iPhone Developer";
				"CODE_SIGN_IDENTITY[sdk=iphoneos*]" = "iPhone Developer";
				COPY_PHASE_STRIP = NO;
				DEBUG_INFORMATION_FORMAT = "dwarf-with-dsym";
				DEVELOPMENT_TEAM = 28DYBASY7W;
				GCC_NO_COMMON_BLOCKS = YES;
				INFOPLIST_FILE = CeaselessPack/Info.plist;
				IPHONEOS_DEPLOYMENT_TARGET = 10.1;
				PRODUCT_BUNDLE_IDENTIFIER = com.ceaselessprayer.CeaselessPack;
				PRODUCT_NAME = "$(TARGET_NAME)";
				SKIP_INSTALL = YES;
			};
			name = Release;
		};
/* End XCBuildConfiguration section */

/* Begin XCConfigurationList section */
		42F3AE131AA4DD7F003A88F5 /* Build configuration list for PBXProject "Ceaseless" */ = {
			isa = XCConfigurationList;
			buildConfigurations = (
				42F3AE3F1AA4DD80003A88F5 /* Debug */,
				42F3AE401AA4DD80003A88F5 /* Release */,
			);
			defaultConfigurationIsVisible = 0;
			defaultConfigurationName = Release;
		};
		42F3AE411AA4DD80003A88F5 /* Build configuration list for PBXNativeTarget "Ceaseless" */ = {
			isa = XCConfigurationList;
			buildConfigurations = (
				42F3AE421AA4DD80003A88F5 /* Debug */,
				42F3AE431AA4DD80003A88F5 /* Release */,
			);
			defaultConfigurationIsVisible = 0;
			defaultConfigurationName = Release;
		};
		42F3AE441AA4DD80003A88F5 /* Build configuration list for PBXNativeTarget "CeaselessTests" */ = {
			isa = XCConfigurationList;
			buildConfigurations = (
				42F3AE451AA4DD80003A88F5 /* Debug */,
				42F3AE461AA4DD80003A88F5 /* Release */,
			);
			defaultConfigurationIsVisible = 0;
			defaultConfigurationName = Release;
		};
		8A6AA2381DBD9EE500DB0346 /* Build configuration list for PBXNativeTarget "CeaselessPack" */ = {
			isa = XCConfigurationList;
			buildConfigurations = (
				8A6AA2361DBD9EE500DB0346 /* Debug */,
				8A6AA2371DBD9EE500DB0346 /* Release */,
			);
			defaultConfigurationIsVisible = 0;
			defaultConfigurationName = Release;
		};
/* End XCConfigurationList section */

/* Begin XCVersionGroup section */
		704D5CA51AAF90A200BD48B3 /* Ceaseless.xcdatamodeld */ = {
			isa = XCVersionGroup;
			children = (
				704D5CA61AAF90A200BD48B3 /* Ceaseless.xcdatamodel */,
			);
			currentVersion = 704D5CA61AAF90A200BD48B3 /* Ceaseless.xcdatamodel */;
			path = Ceaseless.xcdatamodeld;
			sourceTree = "<group>";
			versionGroupType = wrapper.xcdatamodel;
		};
/* End XCVersionGroup section */
	};
	rootObject = 42F3AE101AA4DD7F003A88F5 /* Project object */;
}
